{
  "object": {
    "pins": [
      {
        "package": "CameraView",
        "repositoryURL": "https://github.com/brettfazio/CameraView",
        "state": {
          "branch": null,
          "revision": "bb528e129ac23f2888dee51a309bbd4b10374673",
          "version": "0.0.1"
        }
      },
      {
        "package": "CodeScanner",
        "repositoryURL": "https://github.com/twostraws/CodeScanner",
        "state": {
          "branch": null,
          "revision": "a2144ddaa7c43a6ee00873edd4cc7815ad97942f",
          "version": "1.0.7"
        }
      }
    ]
  },
  "version": 1
}
