// !$*UTF8*$!
{
	archiveVersion = 1;
	classes = {
	};
	objectVersion = 55;
	objects = {

/* Begin PBXBuildFile section */
		8A4AEA1129D6DC6B009AEB08 /* CombineMoya in Frameworks */ = {isa = PBXBuildFile; productRef = 8A4AEA1029D6DC6B009AEB08 /* CombineMoya */; };
		8A4AEA1429D6E36D009AEB08 /* PropertyListView.swift in Sources */ = {isa = PBXBuildFile; fileRef = 8A4AEA1329D6E36D009AEB08 /* PropertyListView.swift */; };
		8A4AEA1529D6E36D009AEB08 /* PropertyListView.swift in Sources */ = {isa = PBXBuildFile; fileRef = 8A4AEA1329D6E36D009AEB08 /* PropertyListView.swift */; };
		8A5ECDB629D685580021FA22 /* Defaults in Frameworks */ = {isa = PBXBuildFile; productRef = 8A5ECDB529D685580021FA22 /* Defaults */; };
		8A5ECDB929D685D70021FA22 /* DataController.swift in Sources */ = {isa = PBXBuildFile; fileRef = 8A5ECDB829D685D70021FA22 /* DataController.swift */; };
		8A69E19B273CE07200B3B736 /* Tests_iOS.swift in Sources */ = {isa = PBXBuildFile; fileRef = 8A69E19A273CE07200B3B736 /* Tests_iOS.swift */; };
		8A69E19D273CE07200B3B736 /* Tests_iOSLaunchTests.swift in Sources */ = {isa = PBXBuildFile; fileRef = 8A69E19C273CE07200B3B736 /* Tests_iOSLaunchTests.swift */; };
		8A69E1A7273CE07200B3B736 /* Tests_macOS.swift in Sources */ = {isa = PBXBuildFile; fileRef = 8A69E1A6273CE07200B3B736 /* Tests_macOS.swift */; };
		8A69E1A9273CE07200B3B736 /* Tests_macOSLaunchTests.swift in Sources */ = {isa = PBXBuildFile; fileRef = 8A69E1A8273CE07200B3B736 /* Tests_macOSLaunchTests.swift */; };
		8A69E1AA273CE07200B3B736 /* SendgridApp.swift in Sources */ = {isa = PBXBuildFile; fileRef = 8A69E182273CE07100B3B736 /* SendgridApp.swift */; };
		8A69E1AB273CE07200B3B736 /* SendgridApp.swift in Sources */ = {isa = PBXBuildFile; fileRef = 8A69E182273CE07100B3B736 /* SendgridApp.swift */; };
		8A69E1AC273CE07200B3B736 /* PropertyContentView.swift in Sources */ = {isa = PBXBuildFile; fileRef = 8A69E183273CE07100B3B736 /* PropertyContentView.swift */; };
		8A69E1AD273CE07200B3B736 /* PropertyContentView.swift in Sources */ = {isa = PBXBuildFile; fileRef = 8A69E183273CE07100B3B736 /* PropertyContentView.swift */; };
		8A69E1AE273CE07200B3B736 /* Assets.xcassets in Resources */ = {isa = PBXBuildFile; fileRef = 8A69E184273CE07200B3B736 /* Assets.xcassets */; };
		8A69E1AF273CE07200B3B736 /* Assets.xcassets in Resources */ = {isa = PBXBuildFile; fileRef = 8A69E184273CE07200B3B736 /* Assets.xcassets */; };
		8A69E1C0273CE2AF00B3B736 /* CameraView in Frameworks */ = {isa = PBXBuildFile; productRef = 8A69E1BF273CE2AF00B3B736 /* CameraView */; };
		8A69E1C2273CE3E600B3B736 /* ApiView.swift in Sources */ = {isa = PBXBuildFile; fileRef = 8A69E1C1273CE3E600B3B736 /* ApiView.swift */; };
		8A69E1C3273CE3E600B3B736 /* ApiView.swift in Sources */ = {isa = PBXBuildFile; fileRef = 8A69E1C1273CE3E600B3B736 /* ApiView.swift */; };
		8A69E1C6273CE4A700B3B736 /* ApiKeyStorage.swift in Sources */ = {isa = PBXBuildFile; fileRef = 8A69E1C5273CE4A700B3B736 /* ApiKeyStorage.swift */; };
		8A69E1C7273CE4A700B3B736 /* ApiKeyStorage.swift in Sources */ = {isa = PBXBuildFile; fileRef = 8A69E1C5273CE4A700B3B736 /* ApiKeyStorage.swift */; };
		8A69E1CA273CEED200B3B736 /* CodeScanner in Frameworks */ = {isa = PBXBuildFile; productRef = 8A69E1C9273CEED200B3B736 /* CodeScanner */; };
		8A69E1CC273CF2FD00B3B736 /* SendgridApi.swift in Sources */ = {isa = PBXBuildFile; fileRef = 8A69E1CB273CF2FD00B3B736 /* SendgridApi.swift */; };
		8A69E1CD273CF2FD00B3B736 /* SendgridApi.swift in Sources */ = {isa = PBXBuildFile; fileRef = 8A69E1CB273CF2FD00B3B736 /* SendgridApi.swift */; };
		8A69E1D3273D4E7200B3B736 /* ContactList.swift in Sources */ = {isa = PBXBuildFile; fileRef = 8A69E1D2273D4E7200B3B736 /* ContactList.swift */; };
		8A69E1D4273D4E7200B3B736 /* ContactList.swift in Sources */ = {isa = PBXBuildFile; fileRef = 8A69E1D2273D4E7200B3B736 /* ContactList.swift */; };
		8A69E1D7273D565F00B3B736 /* ContactListItemView.swift in Sources */ = {isa = PBXBuildFile; fileRef = 8A69E1D6273D565F00B3B736 /* ContactListItemView.swift */; };
		8A69E1D8273D565F00B3B736 /* ContactListItemView.swift in Sources */ = {isa = PBXBuildFile; fileRef = 8A69E1D6273D565F00B3B736 /* ContactListItemView.swift */; };
		8A69E1DA273D5A2600B3B736 /* ContactListView.swift in Sources */ = {isa = PBXBuildFile; fileRef = 8A69E1D9273D5A2600B3B736 /* ContactListView.swift */; };
		8A69E1DB273D5A2600B3B736 /* ContactListView.swift in Sources */ = {isa = PBXBuildFile; fileRef = 8A69E1D9273D5A2600B3B736 /* ContactListView.swift */; };
		8A69E1DE273F6C1100B3B736 /* EmailView.swift in Sources */ = {isa = PBXBuildFile; fileRef = 8A69E1DD273F6C1000B3B736 /* EmailView.swift */; };
		8A69E1DF273F6C1100B3B736 /* EmailView.swift in Sources */ = {isa = PBXBuildFile; fileRef = 8A69E1DD273F6C1000B3B736 /* EmailView.swift */; };
		8A69E1E2273F6D7900B3B736 /* String+Decodable.swift in Sources */ = {isa = PBXBuildFile; fileRef = 8A69E1E1273F6D7900B3B736 /* String+Decodable.swift */; };
		8A69E1E3273F6D7900B3B736 /* String+Decodable.swift in Sources */ = {isa = PBXBuildFile; fileRef = 8A69E1E1273F6D7900B3B736 /* String+Decodable.swift */; };
		8A69E1E5273F78C700B3B736 /* NotImplementedView.swift in Sources */ = {isa = PBXBuildFile; fileRef = 8A69E1E4273F78C700B3B736 /* NotImplementedView.swift */; };
		8A69E1E6273F78C700B3B736 /* NotImplementedView.swift in Sources */ = {isa = PBXBuildFile; fileRef = 8A69E1E4273F78C700B3B736 /* NotImplementedView.swift */; };
		8A69E1E8273F7E8200B3B736 /* Contact.swift in Sources */ = {isa = PBXBuildFile; fileRef = 8A69E1E7273F7E8200B3B736 /* Contact.swift */; };
		8A69E1E9273F7E8200B3B736 /* Contact.swift in Sources */ = {isa = PBXBuildFile; fileRef = 8A69E1E7273F7E8200B3B736 /* Contact.swift */; };
		8A69E1EE273F89F300B3B736 /* Data+Decodable.swift in Sources */ = {isa = PBXBuildFile; fileRef = 8A69E1ED273F89F300B3B736 /* Data+Decodable.swift */; };
		8A69E1EF273F89F300B3B736 /* Data+Decodable.swift in Sources */ = {isa = PBXBuildFile; fileRef = 8A69E1ED273F89F300B3B736 /* Data+Decodable.swift */; };
		8A69E1F1273F8DDD00B3B736 /* ResponseResult.swift in Sources */ = {isa = PBXBuildFile; fileRef = 8A69E1F0273F8DDD00B3B736 /* ResponseResult.swift */; };
		8A69E1F2273F8DDD00B3B736 /* ResponseResult.swift in Sources */ = {isa = PBXBuildFile; fileRef = 8A69E1F0273F8DDD00B3B736 /* ResponseResult.swift */; };
		8A69E1F4273F949700B3B736 /* Header.swift in Sources */ = {isa = PBXBuildFile; fileRef = 8A69E1F3273F949700B3B736 /* Header.swift */; };
		8A69E1F5273F949700B3B736 /* Header.swift in Sources */ = {isa = PBXBuildFile; fileRef = 8A69E1F3273F949700B3B736 /* Header.swift */; };
		8A69E1F7273F990500B3B736 /* TestEmailView.swift in Sources */ = {isa = PBXBuildFile; fileRef = 8A69E1F6273F990500B3B736 /* TestEmailView.swift */; };
		8A69E1F8273F990500B3B736 /* TestEmailView.swift in Sources */ = {isa = PBXBuildFile; fileRef = 8A69E1F6273F990500B3B736 /* TestEmailView.swift */; };
		8A69E1FA274019C200B3B736 /* Template.swift in Sources */ = {isa = PBXBuildFile; fileRef = 8A69E1F9274019C200B3B736 /* Template.swift */; };
		8A69E1FB274019C200B3B736 /* Template.swift in Sources */ = {isa = PBXBuildFile; fileRef = 8A69E1F9274019C200B3B736 /* Template.swift */; };
		8A69E1FE27403FFF00B3B736 /* ViewModifier+Loading.swift in Sources */ = {isa = PBXBuildFile; fileRef = 8A69E1FD27403FFF00B3B736 /* ViewModifier+Loading.swift */; };
		8A69E1FF27403FFF00B3B736 /* ViewModifier+Loading.swift in Sources */ = {isa = PBXBuildFile; fileRef = 8A69E1FD27403FFF00B3B736 /* ViewModifier+Loading.swift */; };
		8A69E2012740410500B3B736 /* LoadingVStack.swift in Sources */ = {isa = PBXBuildFile; fileRef = 8A69E2002740410500B3B736 /* LoadingVStack.swift */; };
		8A69E2022740410500B3B736 /* LoadingVStack.swift in Sources */ = {isa = PBXBuildFile; fileRef = 8A69E2002740410500B3B736 /* LoadingVStack.swift */; };
		8A69E204274056B100B3B736 /* ButtonModifier.swift in Sources */ = {isa = PBXBuildFile; fileRef = 8A69E203274056B100B3B736 /* ButtonModifier.swift */; };
		8A69E205274056B100B3B736 /* ButtonModifier.swift in Sources */ = {isa = PBXBuildFile; fileRef = 8A69E203274056B100B3B736 /* ButtonModifier.swift */; };
		8A69E207274069DA00B3B736 /* TextFieldModifier.swift in Sources */ = {isa = PBXBuildFile; fileRef = 8A69E206274069DA00B3B736 /* TextFieldModifier.swift */; };
		8A69E208274069DA00B3B736 /* TextFieldModifier.swift in Sources */ = {isa = PBXBuildFile; fileRef = 8A69E206274069DA00B3B736 /* TextFieldModifier.swift */; };
/* End PBXBuildFile section */

/* Begin PBXContainerItemProxy section */
		8A69E197273CE07200B3B736 /* PBXContainerItemProxy */ = {
			isa = PBXContainerItemProxy;
			containerPortal = 8A69E17D273CE07100B3B736 /* Project object */;
			proxyType = 1;
			remoteGlobalIDString = 8A69E188273CE07200B3B736;
			remoteInfo = "Sendgrid (iOS)";
		};
		8A69E1A3273CE07200B3B736 /* PBXContainerItemProxy */ = {
			isa = PBXContainerItemProxy;
			containerPortal = 8A69E17D273CE07100B3B736 /* Project object */;
			proxyType = 1;
			remoteGlobalIDString = 8A69E18E273CE07200B3B736;
			remoteInfo = "Sendgrid (macOS)";
		};
/* End PBXContainerItemProxy section */

/* Begin PBXFileReference section */
		8A4AEA1329D6E36D009AEB08 /* PropertyListView.swift */ = {isa = PBXFileReference; lastKnownFileType = sourcecode.swift; path = PropertyListView.swift; sourceTree = "<group>"; };
		8A5ECDB829D685D70021FA22 /* DataController.swift */ = {isa = PBXFileReference; lastKnownFileType = sourcecode.swift; path = DataController.swift; sourceTree = "<group>"; };
		8A69E182273CE07100B3B736 /* SendgridApp.swift */ = {isa = PBXFileReference; lastKnownFileType = sourcecode.swift; path = SendgridApp.swift; sourceTree = "<group>"; };
		8A69E183273CE07100B3B736 /* PropertyContentView.swift */ = {isa = PBXFileReference; lastKnownFileType = sourcecode.swift; path = PropertyContentView.swift; sourceTree = "<group>"; };
		8A69E184273CE07200B3B736 /* Assets.xcassets */ = {isa = PBXFileReference; lastKnownFileType = folder.assetcatalog; path = Assets.xcassets; sourceTree = "<group>"; };
		8A69E189273CE07200B3B736 /* Sendgrid.app */ = {isa = PBXFileReference; explicitFileType = wrapper.application; includeInIndex = 0; path = Sendgrid.app; sourceTree = BUILT_PRODUCTS_DIR; };
		8A69E18F273CE07200B3B736 /* Sendgrid.app */ = {isa = PBXFileReference; explicitFileType = wrapper.application; includeInIndex = 0; path = Sendgrid.app; sourceTree = BUILT_PRODUCTS_DIR; };
		8A69E191273CE07200B3B736 /* macOS.entitlements */ = {isa = PBXFileReference; lastKnownFileType = text.plist.entitlements; path = macOS.entitlements; sourceTree = "<group>"; };
		8A69E196273CE07200B3B736 /* Tests iOS.xctest */ = {isa = PBXFileReference; explicitFileType = wrapper.cfbundle; includeInIndex = 0; path = "Tests iOS.xctest"; sourceTree = BUILT_PRODUCTS_DIR; };
		8A69E19A273CE07200B3B736 /* Tests_iOS.swift */ = {isa = PBXFileReference; lastKnownFileType = sourcecode.swift; path = Tests_iOS.swift; sourceTree = "<group>"; };
		8A69E19C273CE07200B3B736 /* Tests_iOSLaunchTests.swift */ = {isa = PBXFileReference; lastKnownFileType = sourcecode.swift; path = Tests_iOSLaunchTests.swift; sourceTree = "<group>"; };
		8A69E1A2273CE07200B3B736 /* Tests macOS.xctest */ = {isa = PBXFileReference; explicitFileType = wrapper.cfbundle; includeInIndex = 0; path = "Tests macOS.xctest"; sourceTree = BUILT_PRODUCTS_DIR; };
		8A69E1A6273CE07200B3B736 /* Tests_macOS.swift */ = {isa = PBXFileReference; lastKnownFileType = sourcecode.swift; path = Tests_macOS.swift; sourceTree = "<group>"; };
		8A69E1A8273CE07200B3B736 /* Tests_macOSLaunchTests.swift */ = {isa = PBXFileReference; lastKnownFileType = sourcecode.swift; path = Tests_macOSLaunchTests.swift; sourceTree = "<group>"; };
		8A69E1C1273CE3E600B3B736 /* ApiView.swift */ = {isa = PBXFileReference; lastKnownFileType = sourcecode.swift; path = ApiView.swift; sourceTree = "<group>"; };
		8A69E1C5273CE4A700B3B736 /* ApiKeyStorage.swift */ = {isa = PBXFileReference; lastKnownFileType = sourcecode.swift; path = ApiKeyStorage.swift; sourceTree = "<group>"; };
		8A69E1CB273CF2FD00B3B736 /* SendgridApi.swift */ = {isa = PBXFileReference; lastKnownFileType = sourcecode.swift; path = SendgridApi.swift; sourceTree = "<group>"; };
		8A69E1D2273D4E7200B3B736 /* ContactList.swift */ = {isa = PBXFileReference; lastKnownFileType = sourcecode.swift; path = ContactList.swift; sourceTree = "<group>"; };
		8A69E1D6273D565F00B3B736 /* ContactListItemView.swift */ = {isa = PBXFileReference; lastKnownFileType = sourcecode.swift; path = ContactListItemView.swift; sourceTree = "<group>"; };
		8A69E1D9273D5A2600B3B736 /* ContactListView.swift */ = {isa = PBXFileReference; lastKnownFileType = sourcecode.swift; path = ContactListView.swift; sourceTree = "<group>"; };
		8A69E1DD273F6C1000B3B736 /* EmailView.swift */ = {isa = PBXFileReference; lastKnownFileType = sourcecode.swift; path = EmailView.swift; sourceTree = "<group>"; };
		8A69E1E1273F6D7900B3B736 /* String+Decodable.swift */ = {isa = PBXFileReference; lastKnownFileType = sourcecode.swift; path = "String+Decodable.swift"; sourceTree = "<group>"; };
		8A69E1E4273F78C700B3B736 /* NotImplementedView.swift */ = {isa = PBXFileReference; lastKnownFileType = sourcecode.swift; path = NotImplementedView.swift; sourceTree = "<group>"; };
		8A69E1E7273F7E8200B3B736 /* Contact.swift */ = {isa = PBXFileReference; lastKnownFileType = sourcecode.swift; path = Contact.swift; sourceTree = "<group>"; };
		8A69E1ED273F89F300B3B736 /* Data+Decodable.swift */ = {isa = PBXFileReference; lastKnownFileType = sourcecode.swift; path = "Data+Decodable.swift"; sourceTree = "<group>"; };
		8A69E1F0273F8DDD00B3B736 /* ResponseResult.swift */ = {isa = PBXFileReference; lastKnownFileType = sourcecode.swift; path = ResponseResult.swift; sourceTree = "<group>"; };
		8A69E1F3273F949700B3B736 /* Header.swift */ = {isa = PBXFileReference; lastKnownFileType = sourcecode.swift; path = Header.swift; sourceTree = "<group>"; };
		8A69E1F6273F990500B3B736 /* TestEmailView.swift */ = {isa = PBXFileReference; lastKnownFileType = sourcecode.swift; path = TestEmailView.swift; sourceTree = "<group>"; };
		8A69E1F9274019C200B3B736 /* Template.swift */ = {isa = PBXFileReference; lastKnownFileType = sourcecode.swift; path = Template.swift; sourceTree = "<group>"; };
		8A69E1FD27403FFF00B3B736 /* ViewModifier+Loading.swift */ = {isa = PBXFileReference; lastKnownFileType = sourcecode.swift; path = "ViewModifier+Loading.swift"; sourceTree = "<group>"; };
		8A69E2002740410500B3B736 /* LoadingVStack.swift */ = {isa = PBXFileReference; lastKnownFileType = sourcecode.swift; path = LoadingVStack.swift; sourceTree = "<group>"; };
		8A69E203274056B100B3B736 /* ButtonModifier.swift */ = {isa = PBXFileReference; lastKnownFileType = sourcecode.swift; path = ButtonModifier.swift; sourceTree = "<group>"; };
		8A69E206274069DA00B3B736 /* TextFieldModifier.swift */ = {isa = PBXFileReference; lastKnownFileType = sourcecode.swift; path = TextFieldModifier.swift; sourceTree = "<group>"; };
/* End PBXFileReference section */

/* Begin PBXFrameworksBuildPhase section */
		8A69E186273CE07200B3B736 /* Frameworks */ = {
			isa = PBXFrameworksBuildPhase;
			buildActionMask = 2147483647;
			files = (
				8A5ECDB629D685580021FA22 /* Defaults in Frameworks */,
				8A69E1CA273CEED200B3B736 /* CodeScanner in Frameworks */,
				8A4AEA1129D6DC6B009AEB08 /* CombineMoya in Frameworks */,
				8A69E1C0273CE2AF00B3B736 /* CameraView in Frameworks */,
			);
			runOnlyForDeploymentPostprocessing = 0;
		};
		8A69E18C273CE07200B3B736 /* Frameworks */ = {
			isa = PBXFrameworksBuildPhase;
			buildActionMask = 2147483647;
			files = (
			);
			runOnlyForDeploymentPostprocessing = 0;
		};
		8A69E193273CE07200B3B736 /* Frameworks */ = {
			isa = PBXFrameworksBuildPhase;
			buildActionMask = 2147483647;
			files = (
			);
			runOnlyForDeploymentPostprocessing = 0;
		};
		8A69E19F273CE07200B3B736 /* Frameworks */ = {
			isa = PBXFrameworksBuildPhase;
			buildActionMask = 2147483647;
			files = (
			);
			runOnlyForDeploymentPostprocessing = 0;
		};
/* End PBXFrameworksBuildPhase section */

/* Begin PBXGroup section */
		8A4AEA1229D6E34D009AEB08 /* SendGridProperty */ = {
			isa = PBXGroup;
			children = (
				8A4AEA1829D70A22009AEB08 /* Templates */,
				8A4AEA1729D70A12009AEB08 /* Email */,
				8A4AEA1629D709F5009AEB08 /* Contacts */,
				8A69E183273CE07100B3B736 /* PropertyContentView.swift */,
				8A4AEA1329D6E36D009AEB08 /* PropertyListView.swift */,
			);
			path = SendGridProperty;
			sourceTree = "<group>";
		};
		8A4AEA1629D709F5009AEB08 /* Contacts */ = {
			isa = PBXGroup;
			children = (
				8A69E1D9273D5A2600B3B736 /* ContactListView.swift */,
			);
			path = Contacts;
			sourceTree = "<group>";
		};
		8A4AEA1729D70A12009AEB08 /* Email */ = {
			isa = PBXGroup;
			children = (
				8A69E1F6273F990500B3B736 /* TestEmailView.swift */,
				8A69E1DD273F6C1000B3B736 /* EmailView.swift */,
			);
			path = Email;
			sourceTree = "<group>";
		};
		8A4AEA1829D70A22009AEB08 /* Templates */ = {
			isa = PBXGroup;
			children = (
			);
			path = Templates;
			sourceTree = "<group>";
		};
		8A5ECDB729D685BB0021FA22 /* Persistence */ = {
			isa = PBXGroup;
			children = (
				8A5ECDB829D685D70021FA22 /* DataController.swift */,
			);
			path = Persistence;
			sourceTree = "<group>";
		};
		8A69E17C273CE07100B3B736 = {
			isa = PBXGroup;
			children = (
				8A69E181273CE07100B3B736 /* Shared */,
				8A69E190273CE07200B3B736 /* macOS */,
				8A69E199273CE07200B3B736 /* Tests iOS */,
				8A69E1A5273CE07200B3B736 /* Tests macOS */,
				8A69E18A273CE07200B3B736 /* Products */,
			);
			sourceTree = "<group>";
		};
		8A69E181273CE07100B3B736 /* Shared */ = {
			isa = PBXGroup;
			children = (
				8A5ECDB729D685BB0021FA22 /* Persistence */,
				8A69E1FC27403FDA00B3B736 /* SwiftUI */,
				8A69E1E0273F6D6500B3B736 /* Foundation */,
				8A69E1DC273F67AD00B3B736 /* Pages */,
				8A69E1D5273D564D00B3B736 /* Blocks */,
				8A69E1C4273CE46600B3B736 /* Environments */,
				8A69E182273CE07100B3B736 /* SendgridApp.swift */,
				8A69E184273CE07200B3B736 /* Assets.xcassets */,
			);
			path = Shared;
			sourceTree = "<group>";
		};
		8A69E18A273CE07200B3B736 /* Products */ = {
			isa = PBXGroup;
			children = (
				8A69E189273CE07200B3B736 /* Sendgrid.app */,
				8A69E18F273CE07200B3B736 /* Sendgrid.app */,
				8A69E196273CE07200B3B736 /* Tests iOS.xctest */,
				8A69E1A2273CE07200B3B736 /* Tests macOS.xctest */,
			);
			name = Products;
			sourceTree = "<group>";
		};
		8A69E190273CE07200B3B736 /* macOS */ = {
			isa = PBXGroup;
			children = (
				8A69E191273CE07200B3B736 /* macOS.entitlements */,
			);
			path = macOS;
			sourceTree = "<group>";
		};
		8A69E199273CE07200B3B736 /* Tests iOS */ = {
			isa = PBXGroup;
			children = (
				8A69E19A273CE07200B3B736 /* Tests_iOS.swift */,
				8A69E19C273CE07200B3B736 /* Tests_iOSLaunchTests.swift */,
			);
			path = "Tests iOS";
			sourceTree = "<group>";
		};
		8A69E1A5273CE07200B3B736 /* Tests macOS */ = {
			isa = PBXGroup;
			children = (
				8A69E1A6273CE07200B3B736 /* Tests_macOS.swift */,
				8A69E1A8273CE07200B3B736 /* Tests_macOSLaunchTests.swift */,
			);
			path = "Tests macOS";
			sourceTree = "<group>";
		};
		8A69E1C4273CE46600B3B736 /* Environments */ = {
			isa = PBXGroup;
			children = (
				8A69E1D1273D4E5F00B3B736 /* Models */,
				8A69E1C5273CE4A700B3B736 /* ApiKeyStorage.swift */,
				8A69E1CB273CF2FD00B3B736 /* SendgridApi.swift */,
			);
			path = Environments;
			sourceTree = "<group>";
		};
		8A69E1D1273D4E5F00B3B736 /* Models */ = {
			isa = PBXGroup;
			children = (
				8A69E1D2273D4E7200B3B736 /* ContactList.swift */,
				8A69E1E7273F7E8200B3B736 /* Contact.swift */,
				8A69E1F0273F8DDD00B3B736 /* ResponseResult.swift */,
				8A69E1F9274019C200B3B736 /* Template.swift */,
			);
			path = Models;
			sourceTree = "<group>";
		};
		8A69E1D5273D564D00B3B736 /* Blocks */ = {
			isa = PBXGroup;
			children = (
				8A69E1D6273D565F00B3B736 /* ContactListItemView.swift */,
				8A69E1F3273F949700B3B736 /* Header.swift */,
				8A69E2002740410500B3B736 /* LoadingVStack.swift */,
			);
			path = Blocks;
			sourceTree = "<group>";
		};
		8A69E1DC273F67AD00B3B736 /* Pages */ = {
			isa = PBXGroup;
			children = (
				8A4AEA1229D6E34D009AEB08 /* SendGridProperty */,
				8A69E1C1273CE3E600B3B736 /* ApiView.swift */,
				8A69E1E4273F78C700B3B736 /* NotImplementedView.swift */,
			);
			path = Pages;
			sourceTree = "<group>";
		};
		8A69E1E0273F6D6500B3B736 /* Foundation */ = {
			isa = PBXGroup;
			children = (
				8A69E1E1273F6D7900B3B736 /* String+Decodable.swift */,
				8A69E1ED273F89F300B3B736 /* Data+Decodable.swift */,
			);
			path = Foundation;
			sourceTree = "<group>";
		};
		8A69E1FC27403FDA00B3B736 /* SwiftUI */ = {
			isa = PBXGroup;
			children = (
				8A69E1FD27403FFF00B3B736 /* ViewModifier+Loading.swift */,
				8A69E203274056B100B3B736 /* ButtonModifier.swift */,
				8A69E206274069DA00B3B736 /* TextFieldModifier.swift */,
			);
			path = SwiftUI;
			sourceTree = "<group>";
		};
/* End PBXGroup section */

/* Begin PBXNativeTarget section */
		8A69E188273CE07200B3B736 /* Sendgrid (iOS) */ = {
			isa = PBXNativeTarget;
			buildConfigurationList = 8A69E1B2273CE07200B3B736 /* Build configuration list for PBXNativeTarget "Sendgrid (iOS)" */;
			buildPhases = (
				8A69E185273CE07200B3B736 /* Sources */,
				8A69E186273CE07200B3B736 /* Frameworks */,
				8A69E187273CE07200B3B736 /* Resources */,
			);
			buildRules = (
			);
			dependencies = (
			);
			name = "Sendgrid (iOS)";
			packageProductDependencies = (
				8A69E1BF273CE2AF00B3B736 /* CameraView */,
				8A69E1C9273CEED200B3B736 /* CodeScanner */,
				8A5ECDB529D685580021FA22 /* Defaults */,
				8A4AEA1029D6DC6B009AEB08 /* CombineMoya */,
			);
			productName = "Sendgrid (iOS)";
			productReference = 8A69E189273CE07200B3B736 /* Sendgrid.app */;
			productType = "com.apple.product-type.application";
		};
		8A69E18E273CE07200B3B736 /* Sendgrid (macOS) */ = {
			isa = PBXNativeTarget;
			buildConfigurationList = 8A69E1B5273CE07200B3B736 /* Build configuration list for PBXNativeTarget "Sendgrid (macOS)" */;
			buildPhases = (
				8A69E18B273CE07200B3B736 /* Sources */,
				8A69E18C273CE07200B3B736 /* Frameworks */,
				8A69E18D273CE07200B3B736 /* Resources */,
			);
			buildRules = (
			);
			dependencies = (
			);
			name = "Sendgrid (macOS)";
			productName = "Sendgrid (macOS)";
			productReference = 8A69E18F273CE07200B3B736 /* Sendgrid.app */;
			productType = "com.apple.product-type.application";
		};
		8A69E195273CE07200B3B736 /* Tests iOS */ = {
			isa = PBXNativeTarget;
			buildConfigurationList = 8A69E1B8273CE07200B3B736 /* Build configuration list for PBXNativeTarget "Tests iOS" */;
			buildPhases = (
				8A69E192273CE07200B3B736 /* Sources */,
				8A69E193273CE07200B3B736 /* Frameworks */,
				8A69E194273CE07200B3B736 /* Resources */,
			);
			buildRules = (
			);
			dependencies = (
				8A69E198273CE07200B3B736 /* PBXTargetDependency */,
			);
			name = "Tests iOS";
			productName = "Tests iOS";
			productReference = 8A69E196273CE07200B3B736 /* Tests iOS.xctest */;
			productType = "com.apple.product-type.bundle.ui-testing";
		};
		8A69E1A1273CE07200B3B736 /* Tests macOS */ = {
			isa = PBXNativeTarget;
			buildConfigurationList = 8A69E1BB273CE07200B3B736 /* Build configuration list for PBXNativeTarget "Tests macOS" */;
			buildPhases = (
				8A69E19E273CE07200B3B736 /* Sources */,
				8A69E19F273CE07200B3B736 /* Frameworks */,
				8A69E1A0273CE07200B3B736 /* Resources */,
			);
			buildRules = (
			);
			dependencies = (
				8A69E1A4273CE07200B3B736 /* PBXTargetDependency */,
			);
			name = "Tests macOS";
			productName = "Tests macOS";
			productReference = 8A69E1A2273CE07200B3B736 /* Tests macOS.xctest */;
			productType = "com.apple.product-type.bundle.ui-testing";
		};
/* End PBXNativeTarget section */

/* Begin PBXProject section */
		8A69E17D273CE07100B3B736 /* Project object */ = {
			isa = PBXProject;
			attributes = {
				BuildIndependentTargetsInParallel = 1;
				LastSwiftUpdateCheck = 1310;
				LastUpgradeCheck = 1310;
				TargetAttributes = {
					8A69E188273CE07200B3B736 = {
						CreatedOnToolsVersion = 13.1;
					};
					8A69E18E273CE07200B3B736 = {
						CreatedOnToolsVersion = 13.1;
					};
					8A69E195273CE07200B3B736 = {
						CreatedOnToolsVersion = 13.1;
						TestTargetID = 8A69E188273CE07200B3B736;
					};
					8A69E1A1273CE07200B3B736 = {
						CreatedOnToolsVersion = 13.1;
						TestTargetID = 8A69E18E273CE07200B3B736;
					};
				};
			};
			buildConfigurationList = 8A69E180273CE07100B3B736 /* Build configuration list for PBXProject "Sendgrid" */;
			compatibilityVersion = "Xcode 13.0";
			developmentRegion = en;
			hasScannedForEncodings = 0;
			knownRegions = (
				en,
				Base,
			);
			mainGroup = 8A69E17C273CE07100B3B736;
			packageReferences = (
				8A69E1BE273CE2AF00B3B736 /* XCRemoteSwiftPackageReference "CameraView" */,
				8A69E1C8273CEED200B3B736 /* XCRemoteSwiftPackageReference "CodeScanner" */,
				8A5ECDB429D685580021FA22 /* XCRemoteSwiftPackageReference "Defaults" */,
				8A4AEA0F29D6DC6B009AEB08 /* XCRemoteSwiftPackageReference "Moya" */,
			);
			productRefGroup = 8A69E18A273CE07200B3B736 /* Products */;
			projectDirPath = "";
			projectRoot = "";
			targets = (
				8A69E188273CE07200B3B736 /* Sendgrid (iOS) */,
				8A69E18E273CE07200B3B736 /* Sendgrid (macOS) */,
				8A69E195273CE07200B3B736 /* Tests iOS */,
				8A69E1A1273CE07200B3B736 /* Tests macOS */,
			);
		};
/* End PBXProject section */

/* Begin PBXResourcesBuildPhase section */
		8A69E187273CE07200B3B736 /* Resources */ = {
			isa = PBXResourcesBuildPhase;
			buildActionMask = 2147483647;
			files = (
				8A69E1AE273CE07200B3B736 /* Assets.xcassets in Resources */,
			);
			runOnlyForDeploymentPostprocessing = 0;
		};
		8A69E18D273CE07200B3B736 /* Resources */ = {
			isa = PBXResourcesBuildPhase;
			buildActionMask = 2147483647;
			files = (
				8A69E1AF273CE07200B3B736 /* Assets.xcassets in Resources */,
			);
			runOnlyForDeploymentPostprocessing = 0;
		};
		8A69E194273CE07200B3B736 /* Resources */ = {
			isa = PBXResourcesBuildPhase;
			buildActionMask = 2147483647;
			files = (
			);
			runOnlyForDeploymentPostprocessing = 0;
		};
		8A69E1A0273CE07200B3B736 /* Resources */ = {
			isa = PBXResourcesBuildPhase;
			buildActionMask = 2147483647;
			files = (
			);
			runOnlyForDeploymentPostprocessing = 0;
		};
/* End PBXResourcesBuildPhase section */

/* Begin PBXSourcesBuildPhase section */
		8A69E185273CE07200B3B736 /* Sources */ = {
			isa = PBXSourcesBuildPhase;
			buildActionMask = 2147483647;
			files = (
				8A69E1E8273F7E8200B3B736 /* Contact.swift in Sources */,
				8A4AEA1429D6E36D009AEB08 /* PropertyListView.swift in Sources */,
				8A69E1FA274019C200B3B736 /* Template.swift in Sources */,
				8A69E1F7273F990500B3B736 /* TestEmailView.swift in Sources */,
				8A69E1D3273D4E7200B3B736 /* ContactList.swift in Sources */,
				8A69E1FE27403FFF00B3B736 /* ViewModifier+Loading.swift in Sources */,
				8A5ECDB929D685D70021FA22 /* DataController.swift in Sources */,
				8A69E2012740410500B3B736 /* LoadingVStack.swift in Sources */,
				8A69E1AC273CE07200B3B736 /* PropertyContentView.swift in Sources */,
				8A69E1DE273F6C1100B3B736 /* EmailView.swift in Sources */,
				8A69E1F1273F8DDD00B3B736 /* ResponseResult.swift in Sources */,
				8A69E1EE273F89F300B3B736 /* Data+Decodable.swift in Sources */,
				8A69E1AA273CE07200B3B736 /* SendgridApp.swift in Sources */,
				8A69E1E2273F6D7900B3B736 /* String+Decodable.swift in Sources */,
				8A69E1E5273F78C700B3B736 /* NotImplementedView.swift in Sources */,
				8A69E1DA273D5A2600B3B736 /* ContactListView.swift in Sources */,
				8A69E204274056B100B3B736 /* ButtonModifier.swift in Sources */,
				8A69E1F4273F949700B3B736 /* Header.swift in Sources */,
				8A69E1C6273CE4A700B3B736 /* ApiKeyStorage.swift in Sources */,
				8A69E1C2273CE3E600B3B736 /* ApiView.swift in Sources */,
				8A69E207274069DA00B3B736 /* TextFieldModifier.swift in Sources */,
				8A69E1D7273D565F00B3B736 /* ContactListItemView.swift in Sources */,
				8A69E1CC273CF2FD00B3B736 /* SendgridApi.swift in Sources */,
			);
			runOnlyForDeploymentPostprocessing = 0;
		};
		8A69E18B273CE07200B3B736 /* Sources */ = {
			isa = PBXSourcesBuildPhase;
			buildActionMask = 2147483647;
			files = (
				8A69E1E9273F7E8200B3B736 /* Contact.swift in Sources */,
				8A69E1FB274019C200B3B736 /* Template.swift in Sources */,
				8A69E1F8273F990500B3B736 /* TestEmailView.swift in Sources */,
				8A69E1D4273D4E7200B3B736 /* ContactList.swift in Sources */,
				8A69E1FF27403FFF00B3B736 /* ViewModifier+Loading.swift in Sources */,
				8A69E2022740410500B3B736 /* LoadingVStack.swift in Sources */,
				8A69E1AD273CE07200B3B736 /* PropertyContentView.swift in Sources */,
				8A69E1DF273F6C1100B3B736 /* EmailView.swift in Sources */,
				8A69E1F2273F8DDD00B3B736 /* ResponseResult.swift in Sources */,
				8A4AEA1529D6E36D009AEB08 /* PropertyListView.swift in Sources */,
				8A69E1EF273F89F300B3B736 /* Data+Decodable.swift in Sources */,
				8A69E1AB273CE07200B3B736 /* SendgridApp.swift in Sources */,
				8A69E1E3273F6D7900B3B736 /* String+Decodable.swift in Sources */,
				8A69E1E6273F78C700B3B736 /* NotImplementedView.swift in Sources */,
				8A69E1DB273D5A2600B3B736 /* ContactListView.swift in Sources */,
				8A69E205274056B100B3B736 /* ButtonModifier.swift in Sources */,
				8A69E1F5273F949700B3B736 /* Header.swift in Sources */,
				8A69E1C7273CE4A700B3B736 /* ApiKeyStorage.swift in Sources */,
				8A69E1C3273CE3E600B3B736 /* ApiView.swift in Sources */,
				8A69E208274069DA00B3B736 /* TextFieldModifier.swift in Sources */,
				8A69E1D8273D565F00B3B736 /* ContactListItemView.swift in Sources */,
				8A69E1CD273CF2FD00B3B736 /* SendgridApi.swift in Sources */,
			);
			runOnlyForDeploymentPostprocessing = 0;
		};
		8A69E192273CE07200B3B736 /* Sources */ = {
			isa = PBXSourcesBuildPhase;
			buildActionMask = 2147483647;
			files = (
				8A69E19D273CE07200B3B736 /* Tests_iOSLaunchTests.swift in Sources */,
				8A69E19B273CE07200B3B736 /* Tests_iOS.swift in Sources */,
			);
			runOnlyForDeploymentPostprocessing = 0;
		};
		8A69E19E273CE07200B3B736 /* Sources */ = {
			isa = PBXSourcesBuildPhase;
			buildActionMask = 2147483647;
			files = (
				8A69E1A9273CE07200B3B736 /* Tests_macOSLaunchTests.swift in Sources */,
				8A69E1A7273CE07200B3B736 /* Tests_macOS.swift in Sources */,
			);
			runOnlyForDeploymentPostprocessing = 0;
		};
/* End PBXSourcesBuildPhase section */

/* Begin PBXTargetDependency section */
		8A69E198273CE07200B3B736 /* PBXTargetDependency */ = {
			isa = PBXTargetDependency;
			target = 8A69E188273CE07200B3B736 /* Sendgrid (iOS) */;
			targetProxy = 8A69E197273CE07200B3B736 /* PBXContainerItemProxy */;
		};
		8A69E1A4273CE07200B3B736 /* PBXTargetDependency */ = {
			isa = PBXTargetDependency;
			target = 8A69E18E273CE07200B3B736 /* Sendgrid (macOS) */;
			targetProxy = 8A69E1A3273CE07200B3B736 /* PBXContainerItemProxy */;
		};
/* End PBXTargetDependency section */

/* Begin XCBuildConfiguration section */
		8A69E1B0273CE07200B3B736 /* Debug */ = {
			isa = XCBuildConfiguration;
			buildSettings = {
				ALWAYS_SEARCH_USER_PATHS = NO;
				CLANG_ANALYZER_NONNULL = YES;
				CLANG_ANALYZER_NUMBER_OBJECT_CONVERSION = YES_AGGRESSIVE;
				CLANG_CXX_LANGUAGE_STANDARD = "gnu++17";
				CLANG_CXX_LIBRARY = "libc++";
				CLANG_ENABLE_MODULES = YES;
				CLANG_ENABLE_OBJC_ARC = YES;
				CLANG_ENABLE_OBJC_WEAK = YES;
				CLANG_WARN_BLOCK_CAPTURE_AUTORELEASING = YES;
				CLANG_WARN_BOOL_CONVERSION = YES;
				CLANG_WARN_COMMA = YES;
				CLANG_WARN_CONSTANT_CONVERSION = YES;
				CLANG_WARN_DEPRECATED_OBJC_IMPLEMENTATIONS = YES;
				CLANG_WARN_DIRECT_OBJC_ISA_USAGE = YES_ERROR;
				CLANG_WARN_DOCUMENTATION_COMMENTS = YES;
				CLANG_WARN_EMPTY_BODY = YES;
				CLANG_WARN_ENUM_CONVERSION = YES;
				CLANG_WARN_INFINITE_RECURSION = YES;
				CLANG_WARN_INT_CONVERSION = YES;
				CLANG_WARN_NON_LITERAL_NULL_CONVERSION = YES;
				CLANG_WARN_OBJC_IMPLICIT_RETAIN_SELF = YES;
				CLANG_WARN_OBJC_LITERAL_CONVERSION = YES;
				CLANG_WARN_OBJC_ROOT_CLASS = YES_ERROR;
				CLANG_WARN_QUOTED_INCLUDE_IN_FRAMEWORK_HEADER = YES;
				CLANG_WARN_RANGE_LOOP_ANALYSIS = YES;
				CLANG_WARN_STRICT_PROTOTYPES = YES;
				CLANG_WARN_SUSPICIOUS_MOVE = YES;
				CLANG_WARN_UNGUARDED_AVAILABILITY = YES_AGGRESSIVE;
				CLANG_WARN_UNREACHABLE_CODE = YES;
				CLANG_WARN__DUPLICATE_METHOD_MATCH = YES;
				COPY_PHASE_STRIP = NO;
				DEBUG_INFORMATION_FORMAT = dwarf;
				ENABLE_STRICT_OBJC_MSGSEND = YES;
				ENABLE_TESTABILITY = YES;
				GCC_C_LANGUAGE_STANDARD = gnu11;
				GCC_DYNAMIC_NO_PIC = NO;
				GCC_NO_COMMON_BLOCKS = YES;
				GCC_OPTIMIZATION_LEVEL = 0;
				GCC_PREPROCESSOR_DEFINITIONS = (
					"DEBUG=1",
					"$(inherited)",
				);
				GCC_WARN_64_TO_32_BIT_CONVERSION = YES;
				GCC_WARN_ABOUT_RETURN_TYPE = YES_ERROR;
				GCC_WARN_UNDECLARED_SELECTOR = YES;
				GCC_WARN_UNINITIALIZED_AUTOS = YES_AGGRESSIVE;
				GCC_WARN_UNUSED_FUNCTION = YES;
				GCC_WARN_UNUSED_VARIABLE = YES;
				IPHONEOS_DEPLOYMENT_TARGET = 16.0;
				MACOSX_DEPLOYMENT_TARGET = 13.0;
				MTL_ENABLE_DEBUG_INFO = INCLUDE_SOURCE;
				MTL_FAST_MATH = YES;
				ONLY_ACTIVE_ARCH = YES;
				SWIFT_ACTIVE_COMPILATION_CONDITIONS = DEBUG;
				SWIFT_OPTIMIZATION_LEVEL = "-Onone";
			};
			name = Debug;
		};
		8A69E1B1273CE07200B3B736 /* Release */ = {
			isa = XCBuildConfiguration;
			buildSettings = {
				ALWAYS_SEARCH_USER_PATHS = NO;
				CLANG_ANALYZER_NONNULL = YES;
				CLANG_ANALYZER_NUMBER_OBJECT_CONVERSION = YES_AGGRESSIVE;
				CLANG_CXX_LANGUAGE_STANDARD = "gnu++17";
				CLANG_CXX_LIBRARY = "libc++";
				CLANG_ENABLE_MODULES = YES;
				CLANG_ENABLE_OBJC_ARC = YES;
				CLANG_ENABLE_OBJC_WEAK = YES;
				CLANG_WARN_BLOCK_CAPTURE_AUTORELEASING = YES;
				CLANG_WARN_BOOL_CONVERSION = YES;
				CLANG_WARN_COMMA = YES;
				CLANG_WARN_CONSTANT_CONVERSION = YES;
				CLANG_WARN_DEPRECATED_OBJC_IMPLEMENTATIONS = YES;
				CLANG_WARN_DIRECT_OBJC_ISA_USAGE = YES_ERROR;
				CLANG_WARN_DOCUMENTATION_COMMENTS = YES;
				CLANG_WARN_EMPTY_BODY = YES;
				CLANG_WARN_ENUM_CONVERSION = YES;
				CLANG_WARN_INFINITE_RECURSION = YES;
				CLANG_WARN_INT_CONVERSION = YES;
				CLANG_WARN_NON_LITERAL_NULL_CONVERSION = YES;
				CLANG_WARN_OBJC_IMPLICIT_RETAIN_SELF = YES;
				CLANG_WARN_OBJC_LITERAL_CONVERSION = YES;
				CLANG_WARN_OBJC_ROOT_CLASS = YES_ERROR;
				CLANG_WARN_QUOTED_INCLUDE_IN_FRAMEWORK_HEADER = YES;
				CLANG_WARN_RANGE_LOOP_ANALYSIS = YES;
				CLANG_WARN_STRICT_PROTOTYPES = YES;
				CLANG_WARN_SUSPICIOUS_MOVE = YES;
				CLANG_WARN_UNGUARDED_AVAILABILITY = YES_AGGRESSIVE;
				CLANG_WARN_UNREACHABLE_CODE = YES;
				CLANG_WARN__DUPLICATE_METHOD_MATCH = YES;
				COPY_PHASE_STRIP = NO;
				DEBUG_INFORMATION_FORMAT = "dwarf-with-dsym";
				ENABLE_NS_ASSERTIONS = NO;
				ENABLE_STRICT_OBJC_MSGSEND = YES;
				GCC_C_LANGUAGE_STANDARD = gnu11;
				GCC_NO_COMMON_BLOCKS = YES;
				GCC_WARN_64_TO_32_BIT_CONVERSION = YES;
				GCC_WARN_ABOUT_RETURN_TYPE = YES_ERROR;
				GCC_WARN_UNDECLARED_SELECTOR = YES;
				GCC_WARN_UNINITIALIZED_AUTOS = YES_AGGRESSIVE;
				GCC_WARN_UNUSED_FUNCTION = YES;
				GCC_WARN_UNUSED_VARIABLE = YES;
				IPHONEOS_DEPLOYMENT_TARGET = 16.0;
				MACOSX_DEPLOYMENT_TARGET = 13.0;
				MTL_ENABLE_DEBUG_INFO = NO;
				MTL_FAST_MATH = YES;
				SWIFT_COMPILATION_MODE = wholemodule;
				SWIFT_OPTIMIZATION_LEVEL = "-O";
			};
			name = Release;
		};
		8A69E1B3273CE07200B3B736 /* Debug */ = {
			isa = XCBuildConfiguration;
			buildSettings = {
				ASSETCATALOG_COMPILER_APPICON_NAME = AppIcon;
				ASSETCATALOG_COMPILER_GLOBAL_ACCENT_COLOR_NAME = AccentColor;
				CODE_SIGN_STYLE = Automatic;
				CURRENT_PROJECT_VERSION = 1;
				DEVELOPMENT_TEAM = Q7BEAG244J;
				ENABLE_PREVIEWS = YES;
				GENERATE_INFOPLIST_FILE = YES;
				INFOPLIST_KEY_NSCameraUsageDescription = "Need access to camera to easily enter a new API Key";
				INFOPLIST_KEY_UIApplicationSceneManifest_Generation = YES;
				INFOPLIST_KEY_UIApplicationSupportsIndirectInputEvents = YES;
				INFOPLIST_KEY_UILaunchScreen_Generation = YES;
				INFOPLIST_KEY_UISupportedInterfaceOrientations_iPad = "UIInterfaceOrientationPortrait UIInterfaceOrientationPortraitUpsideDown UIInterfaceOrientationLandscapeLeft UIInterfaceOrientationLandscapeRight";
				INFOPLIST_KEY_UISupportedInterfaceOrientations_iPhone = "UIInterfaceOrientationPortrait UIInterfaceOrientationLandscapeLeft UIInterfaceOrientationLandscapeRight";
				IPHONEOS_DEPLOYMENT_TARGET = 16.0;
				LD_RUNPATH_SEARCH_PATHS = (
					"$(inherited)",
					"@executable_path/Frameworks",
				);
				MARKETING_VERSION = 1.0;
				PRODUCT_BUNDLE_IDENTIFIER = com.mightystrong.Sendgrid;
				PRODUCT_NAME = Sendgrid;
				SDKROOT = iphoneos;
				SWIFT_EMIT_LOC_STRINGS = YES;
				SWIFT_VERSION = 5.0;
				TARGETED_DEVICE_FAMILY = "1,2";
			};
			name = Debug;
		};
		8A69E1B4273CE07200B3B736 /* Release */ = {
			isa = XCBuildConfiguration;
			buildSettings = {
				ASSETCATALOG_COMPILER_APPICON_NAME = AppIcon;
				ASSETCATALOG_COMPILER_GLOBAL_ACCENT_COLOR_NAME = AccentColor;
				CODE_SIGN_STYLE = Automatic;
				CURRENT_PROJECT_VERSION = 1;
				DEVELOPMENT_TEAM = Q7BEAG244J;
				ENABLE_PREVIEWS = YES;
				GENERATE_INFOPLIST_FILE = YES;
				INFOPLIST_KEY_NSCameraUsageDescription = "Need access to camera to easily enter a new API Key";
				INFOPLIST_KEY_UIApplicationSceneManifest_Generation = YES;
				INFOPLIST_KEY_UIApplicationSupportsIndirectInputEvents = YES;
				INFOPLIST_KEY_UILaunchScreen_Generation = YES;
				INFOPLIST_KEY_UISupportedInterfaceOrientations_iPad = "UIInterfaceOrientationPortrait UIInterfaceOrientationPortraitUpsideDown UIInterfaceOrientationLandscapeLeft UIInterfaceOrientationLandscapeRight";
				INFOPLIST_KEY_UISupportedInterfaceOrientations_iPhone = "UIInterfaceOrientationPortrait UIInterfaceOrientationLandscapeLeft UIInterfaceOrientationLandscapeRight";
				IPHONEOS_DEPLOYMENT_TARGET = 16.0;
				LD_RUNPATH_SEARCH_PATHS = (
					"$(inherited)",
					"@executable_path/Frameworks",
				);
				MARKETING_VERSION = 1.0;
				PRODUCT_BUNDLE_IDENTIFIER = com.mightystrong.Sendgrid;
				PRODUCT_NAME = Sendgrid;
				SDKROOT = iphoneos;
				SWIFT_EMIT_LOC_STRINGS = YES;
				SWIFT_VERSION = 5.0;
				TARGETED_DEVICE_FAMILY = "1,2";
				VALIDATE_PRODUCT = YES;
			};
			name = Release;
		};
		8A69E1B6273CE07200B3B736 /* Debug */ = {
			isa = XCBuildConfiguration;
			buildSettings = {
				ASSETCATALOG_COMPILER_APPICON_NAME = AppIcon;
				ASSETCATALOG_COMPILER_GLOBAL_ACCENT_COLOR_NAME = AccentColor;
				CODE_SIGN_ENTITLEMENTS = macOS/macOS.entitlements;
				CODE_SIGN_STYLE = Automatic;
				COMBINE_HIDPI_IMAGES = YES;
				CURRENT_PROJECT_VERSION = 1;
				DEVELOPMENT_TEAM = Q7BEAG244J;
				ENABLE_HARDENED_RUNTIME = YES;
				ENABLE_PREVIEWS = YES;
				GENERATE_INFOPLIST_FILE = YES;
				INFOPLIST_KEY_NSHumanReadableCopyright = "";
				LD_RUNPATH_SEARCH_PATHS = (
					"$(inherited)",
					"@executable_path/../Frameworks",
				);
				MACOSX_DEPLOYMENT_TARGET = 13.0;
				MARKETING_VERSION = 1.0;
				PRODUCT_BUNDLE_IDENTIFIER = com.mightystrong.Sendgrid;
				PRODUCT_NAME = Sendgrid;
				SDKROOT = macosx;
				SWIFT_EMIT_LOC_STRINGS = YES;
				SWIFT_VERSION = 5.0;
			};
			name = Debug;
		};
		8A69E1B7273CE07200B3B736 /* Release */ = {
			isa = XCBuildConfiguration;
			buildSettings = {
				ASSETCATALOG_COMPILER_APPICON_NAME = AppIcon;
				ASSETCATALOG_COMPILER_GLOBAL_ACCENT_COLOR_NAME = AccentColor;
				CODE_SIGN_ENTITLEMENTS = macOS/macOS.entitlements;
				CODE_SIGN_STYLE = Automatic;
				COMBINE_HIDPI_IMAGES = YES;
				CURRENT_PROJECT_VERSION = 1;
				DEVELOPMENT_TEAM = Q7BEAG244J;
				ENABLE_HARDENED_RUNTIME = YES;
				ENABLE_PREVIEWS = YES;
				GENERATE_INFOPLIST_FILE = YES;
				INFOPLIST_KEY_NSHumanReadableCopyright = "";
				LD_RUNPATH_SEARCH_PATHS = (
					"$(inherited)",
					"@executable_path/../Frameworks",
				);
				MACOSX_DEPLOYMENT_TARGET = 13.0;
				MARKETING_VERSION = 1.0;
				PRODUCT_BUNDLE_IDENTIFIER = com.mightystrong.Sendgrid;
				PRODUCT_NAME = Sendgrid;
				SDKROOT = macosx;
				SWIFT_EMIT_LOC_STRINGS = YES;
				SWIFT_VERSION = 5.0;
			};
			name = Release;
		};
		8A69E1B9273CE07200B3B736 /* Debug */ = {
			isa = XCBuildConfiguration;
			buildSettings = {
				ALWAYS_EMBED_SWIFT_STANDARD_LIBRARIES = YES;
				CODE_SIGN_STYLE = Automatic;
				CURRENT_PROJECT_VERSION = 1;
				DEVELOPMENT_TEAM = Q7BEAG244J;
				GENERATE_INFOPLIST_FILE = YES;
				IPHONEOS_DEPLOYMENT_TARGET = 16.0;
				LD_RUNPATH_SEARCH_PATHS = (
					"$(inherited)",
					"@executable_path/Frameworks",
					"@loader_path/Frameworks",
				);
				MARKETING_VERSION = 1.0;
				PRODUCT_BUNDLE_IDENTIFIER = "com.mightystrong.Tests-iOS";
				PRODUCT_NAME = "$(TARGET_NAME)";
				SDKROOT = iphoneos;
				SWIFT_EMIT_LOC_STRINGS = NO;
				SWIFT_VERSION = 5.0;
				TARGETED_DEVICE_FAMILY = "1,2";
				TEST_TARGET_NAME = "Sendgrid (iOS)";
			};
			name = Debug;
		};
		8A69E1BA273CE07200B3B736 /* Release */ = {
			isa = XCBuildConfiguration;
			buildSettings = {
				ALWAYS_EMBED_SWIFT_STANDARD_LIBRARIES = YES;
				CODE_SIGN_STYLE = Automatic;
				CURRENT_PROJECT_VERSION = 1;
				DEVELOPMENT_TEAM = Q7BEAG244J;
				GENERATE_INFOPLIST_FILE = YES;
				IPHONEOS_DEPLOYMENT_TARGET = 16.0;
				LD_RUNPATH_SEARCH_PATHS = (
					"$(inherited)",
					"@executable_path/Frameworks",
					"@loader_path/Frameworks",
				);
				MARKETING_VERSION = 1.0;
				PRODUCT_BUNDLE_IDENTIFIER = "com.mightystrong.Tests-iOS";
				PRODUCT_NAME = "$(TARGET_NAME)";
				SDKROOT = iphoneos;
				SWIFT_EMIT_LOC_STRINGS = NO;
				SWIFT_VERSION = 5.0;
				TARGETED_DEVICE_FAMILY = "1,2";
				TEST_TARGET_NAME = "Sendgrid (iOS)";
				VALIDATE_PRODUCT = YES;
			};
			name = Release;
		};
		8A69E1BC273CE07200B3B736 /* Debug */ = {
			isa = XCBuildConfiguration;
			buildSettings = {
				ALWAYS_EMBED_SWIFT_STANDARD_LIBRARIES = YES;
				CODE_SIGN_STYLE = Automatic;
				COMBINE_HIDPI_IMAGES = YES;
				CURRENT_PROJECT_VERSION = 1;
				DEVELOPMENT_TEAM = Q7BEAG244J;
				GENERATE_INFOPLIST_FILE = YES;
				LD_RUNPATH_SEARCH_PATHS = (
					"$(inherited)",
					"@executable_path/../Frameworks",
					"@loader_path/../Frameworks",
				);
				MACOSX_DEPLOYMENT_TARGET = 12.0;
				MARKETING_VERSION = 1.0;
				PRODUCT_BUNDLE_IDENTIFIER = "com.mightystrong.Tests-macOS";
				PRODUCT_NAME = "$(TARGET_NAME)";
				SDKROOT = macosx;
				SWIFT_EMIT_LOC_STRINGS = NO;
				SWIFT_VERSION = 5.0;
				TEST_TARGET_NAME = "Sendgrid (macOS)";
			};
			name = Debug;
		};
		8A69E1BD273CE07200B3B736 /* Release */ = {
			isa = XCBuildConfiguration;
			buildSettings = {
				ALWAYS_EMBED_SWIFT_STANDARD_LIBRARIES = YES;
				CODE_SIGN_STYLE = Automatic;
				COMBINE_HIDPI_IMAGES = YES;
				CURRENT_PROJECT_VERSION = 1;
				DEVELOPMENT_TEAM = Q7BEAG244J;
				GENERATE_INFOPLIST_FILE = YES;
				LD_RUNPATH_SEARCH_PATHS = (
					"$(inherited)",
					"@executable_path/../Frameworks",
					"@loader_path/../Frameworks",
				);
				MACOSX_DEPLOYMENT_TARGET = 12.0;
				MARKETING_VERSION = 1.0;
				PRODUCT_BUNDLE_IDENTIFIER = "com.mightystrong.Tests-macOS";
				PRODUCT_NAME = "$(TARGET_NAME)";
				SDKROOT = macosx;
				SWIFT_EMIT_LOC_STRINGS = NO;
				SWIFT_VERSION = 5.0;
				TEST_TARGET_NAME = "Sendgrid (macOS)";
			};
			name = Release;
		};
/* End XCBuildConfiguration section */

/* Begin XCConfigurationList section */
		8A69E180273CE07100B3B736 /* Build configuration list for PBXProject "Sendgrid" */ = {
			isa = XCConfigurationList;
			buildConfigurations = (
				8A69E1B0273CE07200B3B736 /* Debug */,
				8A69E1B1273CE07200B3B736 /* Release */,
			);
			defaultConfigurationIsVisible = 0;
			defaultConfigurationName = Release;
		};
		8A69E1B2273CE07200B3B736 /* Build configuration list for PBXNativeTarget "Sendgrid (iOS)" */ = {
			isa = XCConfigurationList;
			buildConfigurations = (
				8A69E1B3273CE07200B3B736 /* Debug */,
				8A69E1B4273CE07200B3B736 /* Release */,
			);
			defaultConfigurationIsVisible = 0;
			defaultConfigurationName = Release;
		};
		8A69E1B5273CE07200B3B736 /* Build configuration list for PBXNativeTarget "Sendgrid (macOS)" */ = {
			isa = XCConfigurationList;
			buildConfigurations = (
				8A69E1B6273CE07200B3B736 /* Debug */,
				8A69E1B7273CE07200B3B736 /* Release */,
			);
			defaultConfigurationIsVisible = 0;
			defaultConfigurationName = Release;
		};
		8A69E1B8273CE07200B3B736 /* Build configuration list for PBXNativeTarget "Tests iOS" */ = {
			isa = XCConfigurationList;
			buildConfigurations = (
				8A69E1B9273CE07200B3B736 /* Debug */,
				8A69E1BA273CE07200B3B736 /* Release */,
			);
			defaultConfigurationIsVisible = 0;
			defaultConfigurationName = Release;
		};
		8A69E1BB273CE07200B3B736 /* Build configuration list for PBXNativeTarget "Tests macOS" */ = {
			isa = XCConfigurationList;
			buildConfigurations = (
				8A69E1BC273CE07200B3B736 /* Debug */,
				8A69E1BD273CE07200B3B736 /* Release */,
			);
			defaultConfigurationIsVisible = 0;
			defaultConfigurationName = Release;
		};
/* End XCConfigurationList section */

/* Begin XCRemoteSwiftPackageReference section */
		8A4AEA0F29D6DC6B009AEB08 /* XCRemoteSwiftPackageReference "Moya" */ = {
			isa = XCRemoteSwiftPackageReference;
			repositoryURL = "https://github.com/Moya/Moya";
			requirement = {
				branch = master;
				kind = branch;
			};
		};
		8A5ECDB429D685580021FA22 /* XCRemoteSwiftPackageReference "Defaults" */ = {
			isa = XCRemoteSwiftPackageReference;
			repositoryURL = "https://github.com/sindresorhus/Defaults";
			requirement = {
				branch = main;
				kind = branch;
			};
		};
		8A69E1BE273CE2AF00B3B736 /* XCRemoteSwiftPackageReference "CameraView" */ = {
			isa = XCRemoteSwiftPackageReference;
			repositoryURL = "https://github.com/brettfazio/CameraView";
			requirement = {
				kind = upToNextMajorVersion;
				minimumVersion = 0.0.1;
			};
		};
		8A69E1C8273CEED200B3B736 /* XCRemoteSwiftPackageReference "CodeScanner" */ = {
			isa = XCRemoteSwiftPackageReference;
			repositoryURL = "https://github.com/twostraws/CodeScanner";
			requirement = {
				kind = upToNextMajorVersion;
				minimumVersion = 1.0.0;
			};
		};
/* End XCRemoteSwiftPackageReference section */

/* Begin XCSwiftPackageProductDependency section */
		8A4AEA1029D6DC6B009AEB08 /* CombineMoya */ = {
			isa = XCSwiftPackageProductDependency;
			package = 8A4AEA0F29D6DC6B009AEB08 /* XCRemoteSwiftPackageReference "Moya" */;
			productName = CombineMoya;
		};
		8A5ECDB529D685580021FA22 /* Defaults */ = {
			isa = XCSwiftPackageProductDependency;
			package = 8A5ECDB429D685580021FA22 /* XCRemoteSwiftPackageReference "Defaults" */;
			productName = Defaults;
		};
		8A69E1BF273CE2AF00B3B736 /* CameraView */ = {
			isa = XCSwiftPackageProductDependency;
			package = 8A69E1BE273CE2AF00B3B736 /* XCRemoteSwiftPackageReference "CameraView" */;
			productName = CameraView;
		};
		8A69E1C9273CEED200B3B736 /* CodeScanner */ = {
			isa = XCSwiftPackageProductDependency;
			package = 8A69E1C8273CEED200B3B736 /* XCRemoteSwiftPackageReference "CodeScanner" */;
			productName = CodeScanner;
		};
/* End XCSwiftPackageProductDependency section */
	};
	rootObject = 8A69E17D273CE07100B3B736 /* Project object */;
}
