// !$*UTF8*$!
{
	archiveVersion = 1;
	classes = {
	};
	objectVersion = 55;
	objects = {

/* Begin PBXBuildFile section */
		8A69E19B273CE07200B3B736 /* Tests_iOS.swift in Sources */ = {isa = PBXBuildFile; fileRef = 8A69E19A273CE07200B3B736 /* Tests_iOS.swift */; };
		8A69E19D273CE07200B3B736 /* Tests_iOSLaunchTests.swift in Sources */ = {isa = PBXBuildFile; fileRef = 8A69E19C273CE07200B3B736 /* Tests_iOSLaunchTests.swift */; };
		8A69E1A7273CE07200B3B736 /* Tests_macOS.swift in Sources */ = {isa = PBXBuildFile; fileRef = 8A69E1A6273CE07200B3B736 /* Tests_macOS.swift */; };
		8A69E1A9273CE07200B3B736 /* Tests_macOSLaunchTests.swift in Sources */ = {isa = PBXBuildFile; fileRef = 8A69E1A8273CE07200B3B736 /* Tests_macOSLaunchTests.swift */; };
		8A69E1AA273CE07200B3B736 /* SendgridApp.swift in Sources */ = {isa = PBXBuildFile; fileRef = 8A69E182273CE07100B3B736 /* SendgridApp.swift */; };
		8A69E1AB273CE07200B3B736 /* SendgridApp.swift in Sources */ = {isa = PBXBuildFile; fileRef = 8A69E182273CE07100B3B736 /* SendgridApp.swift */; };
		8A69E1AC273CE07200B3B736 /* ContentView.swift in Sources */ = {isa = PBXBuildFile; fileRef = 8A69E183273CE07100B3B736 /* ContentView.swift */; };
		8A69E1AD273CE07200B3B736 /* ContentView.swift in Sources */ = {isa = PBXBuildFile; fileRef = 8A69E183273CE07100B3B736 /* ContentView.swift */; };
		8A69E1AE273CE07200B3B736 /* Assets.xcassets in Resources */ = {isa = PBXBuildFile; fileRef = 8A69E184273CE07200B3B736 /* Assets.xcassets */; };
		8A69E1AF273CE07200B3B736 /* Assets.xcassets in Resources */ = {isa = PBXBuildFile; fileRef = 8A69E184273CE07200B3B736 /* Assets.xcassets */; };
		8A69E1C0273CE2AF00B3B736 /* CameraView in Frameworks */ = {isa = PBXBuildFile; productRef = 8A69E1BF273CE2AF00B3B736 /* CameraView */; };
		8A69E1C2273CE3E600B3B736 /* ApiView.swift in Sources */ = {isa = PBXBuildFile; fileRef = 8A69E1C1273CE3E600B3B736 /* ApiView.swift */; };
		8A69E1C3273CE3E600B3B736 /* ApiView.swift in Sources */ = {isa = PBXBuildFile; fileRef = 8A69E1C1273CE3E600B3B736 /* ApiView.swift */; };
		8A69E1C6273CE4A700B3B736 /* ApiKeyStorage.swift in Sources */ = {isa = PBXBuildFile; fileRef = 8A69E1C5273CE4A700B3B736 /* ApiKeyStorage.swift */; };
		8A69E1C7273CE4A700B3B736 /* ApiKeyStorage.swift in Sources */ = {isa = PBXBuildFile; fileRef = 8A69E1C5273CE4A700B3B736 /* ApiKeyStorage.swift */; };
/* End PBXBuildFile section */

/* Begin PBXContainerItemProxy section */
		8A69E197273CE07200B3B736 /* PBXContainerItemProxy */ = {
			isa = PBXContainerItemProxy;
			containerPortal = 8A69E17D273CE07100B3B736 /* Project object */;
			proxyType = 1;
			remoteGlobalIDString = 8A69E188273CE07200B3B736;
			remoteInfo = "Sendgrid (iOS)";
		};
		8A69E1A3273CE07200B3B736 /* PBXContainerItemProxy */ = {
			isa = PBXContainerItemProxy;
			containerPortal = 8A69E17D273CE07100B3B736 /* Project object */;
			proxyType = 1;
			remoteGlobalIDString = 8A69E18E273CE07200B3B736;
			remoteInfo = "Sendgrid (macOS)";
		};
/* End PBXContainerItemProxy section */

/* Begin PBXFileReference section */
		8A69E182273CE07100B3B736 /* SendgridApp.swift */ = {isa = PBXFileReference; lastKnownFileType = sourcecode.swift; path = SendgridApp.swift; sourceTree = "<group>"; };
		8A69E183273CE07100B3B736 /* ContentView.swift */ = {isa = PBXFileReference; lastKnownFileType = sourcecode.swift; path = ContentView.swift; sourceTree = "<group>"; };
		8A69E184273CE07200B3B736 /* Assets.xcassets */ = {isa = PBXFileReference; lastKnownFileType = folder.assetcatalog; path = Assets.xcassets; sourceTree = "<group>"; };
		8A69E189273CE07200B3B736 /* Sendgrid.app */ = {isa = PBXFileReference; explicitFileType = wrapper.application; includeInIndex = 0; path = Sendgrid.app; sourceTree = BUILT_PRODUCTS_DIR; };
		8A69E18F273CE07200B3B736 /* Sendgrid.app */ = {isa = PBXFileReference; explicitFileType = wrapper.application; includeInIndex = 0; path = Sendgrid.app; sourceTree = BUILT_PRODUCTS_DIR; };
		8A69E191273CE07200B3B736 /* macOS.entitlements */ = {isa = PBXFileReference; lastKnownFileType = text.plist.entitlements; path = macOS.entitlements; sourceTree = "<group>"; };
		8A69E196273CE07200B3B736 /* Tests iOS.xctest */ = {isa = PBXFileReference; explicitFileType = wrapper.cfbundle; includeInIndex = 0; path = "Tests iOS.xctest"; sourceTree = BUILT_PRODUCTS_DIR; };
		8A69E19A273CE07200B3B736 /* Tests_iOS.swift */ = {isa = PBXFileReference; lastKnownFileType = sourcecode.swift; path = Tests_iOS.swift; sourceTree = "<group>"; };
		8A69E19C273CE07200B3B736 /* Tests_iOSLaunchTests.swift */ = {isa = PBXFileReference; lastKnownFileType = sourcecode.swift; path = Tests_iOSLaunchTests.swift; sourceTree = "<group>"; };
		8A69E1A2273CE07200B3B736 /* Tests macOS.xctest */ = {isa = PBXFileReference; explicitFileType = wrapper.cfbundle; includeInIndex = 0; path = "Tests macOS.xctest"; sourceTree = BUILT_PRODUCTS_DIR; };
		8A69E1A6273CE07200B3B736 /* Tests_macOS.swift */ = {isa = PBXFileReference; lastKnownFileType = sourcecode.swift; path = Tests_macOS.swift; sourceTree = "<group>"; };
		8A69E1A8273CE07200B3B736 /* Tests_macOSLaunchTests.swift */ = {isa = PBXFileReference; lastKnownFileType = sourcecode.swift; path = Tests_macOSLaunchTests.swift; sourceTree = "<group>"; };
		8A69E1C1273CE3E600B3B736 /* ApiView.swift */ = {isa = PBXFileReference; lastKnownFileType = sourcecode.swift; path = ApiView.swift; sourceTree = "<group>"; };
		8A69E1C5273CE4A700B3B736 /* ApiKeyStorage.swift */ = {isa = PBXFileReference; lastKnownFileType = sourcecode.swift; path = ApiKeyStorage.swift; sourceTree = "<group>"; };
/* End PBXFileReference section */

/* Begin PBXFrameworksBuildPhase section */
		8A69E186273CE07200B3B736 /* Frameworks */ = {
			isa = PBXFrameworksBuildPhase;
			buildActionMask = 2147483647;
			files = (
				8A69E1C0273CE2AF00B3B736 /* CameraView in Frameworks */,
			);
			runOnlyForDeploymentPostprocessing = 0;
		};
		8A69E18C273CE07200B3B736 /* Frameworks */ = {
			isa = PBXFrameworksBuildPhase;
			buildActionMask = 2147483647;
			files = (
			);
			runOnlyForDeploymentPostprocessing = 0;
		};
		8A69E193273CE07200B3B736 /* Frameworks */ = {
			isa = PBXFrameworksBuildPhase;
			buildActionMask = 2147483647;
			files = (
			);
			runOnlyForDeploymentPostprocessing = 0;
		};
		8A69E19F273CE07200B3B736 /* Frameworks */ = {
			isa = PBXFrameworksBuildPhase;
			buildActionMask = 2147483647;
			files = (
			);
			runOnlyForDeploymentPostprocessing = 0;
		};
/* End PBXFrameworksBuildPhase section */

/* Begin PBXGroup section */
		8A69E17C273CE07100B3B736 = {
			isa = PBXGroup;
			children = (
				8A69E181273CE07100B3B736 /* Shared */,
				8A69E190273CE07200B3B736 /* macOS */,
				8A69E199273CE07200B3B736 /* Tests iOS */,
				8A69E1A5273CE07200B3B736 /* Tests macOS */,
				8A69E18A273CE07200B3B736 /* Products */,
			);
			sourceTree = "<group>";
		};
		8A69E181273CE07100B3B736 /* Shared */ = {
			isa = PBXGroup;
			children = (
				8A69E1C4273CE46600B3B736 /* Environments */,
				8A69E1C1273CE3E600B3B736 /* ApiView.swift */,
				8A69E182273CE07100B3B736 /* SendgridApp.swift */,
				8A69E183273CE07100B3B736 /* ContentView.swift */,
				8A69E184273CE07200B3B736 /* Assets.xcassets */,
			);
			path = Shared;
			sourceTree = "<group>";
		};
		8A69E18A273CE07200B3B736 /* Products */ = {
			isa = PBXGroup;
			children = (
				8A69E189273CE07200B3B736 /* Sendgrid.app */,
				8A69E18F273CE07200B3B736 /* Sendgrid.app */,
				8A69E196273CE07200B3B736 /* Tests iOS.xctest */,
				8A69E1A2273CE07200B3B736 /* Tests macOS.xctest */,
			);
			name = Products;
			sourceTree = "<group>";
		};
		8A69E190273CE07200B3B736 /* macOS */ = {
			isa = PBXGroup;
			children = (
				8A69E191273CE07200B3B736 /* macOS.entitlements */,
			);
			path = macOS;
			sourceTree = "<group>";
		};
		8A69E199273CE07200B3B736 /* Tests iOS */ = {
			isa = PBXGroup;
			children = (
				8A69E19A273CE07200B3B736 /* Tests_iOS.swift */,
				8A69E19C273CE07200B3B736 /* Tests_iOSLaunchTests.swift */,
			);
			path = "Tests iOS";
			sourceTree = "<group>";
		};
		8A69E1A5273CE07200B3B736 /* Tests macOS */ = {
			isa = PBXGroup;
			children = (
				8A69E1A6273CE07200B3B736 /* Tests_macOS.swift */,
				8A69E1A8273CE07200B3B736 /* Tests_macOSLaunchTests.swift */,
			);
			path = "Tests macOS";
			sourceTree = "<group>";
		};
		8A69E1C4273CE46600B3B736 /* Environments */ = {
			isa = PBXGroup;
			children = (
				8A69E1C5273CE4A700B3B736 /* ApiKeyStorage.swift */,
			);
			path = Environments;
			sourceTree = "<group>";
		};
/* End PBXGroup section */

/* Begin PBXNativeTarget section */
		8A69E188273CE07200B3B736 /* Sendgrid (iOS) */ = {
			isa = PBXNativeTarget;
			buildConfigurationList = 8A69E1B2273CE07200B3B736 /* Build configuration list for PBXNativeTarget "Sendgrid (iOS)" */;
			buildPhases = (
				8A69E185273CE07200B3B736 /* Sources */,
				8A69E186273CE07200B3B736 /* Frameworks */,
				8A69E187273CE07200B3B736 /* Resources */,
			);
			buildRules = (
			);
			dependencies = (
			);
			name = "Sendgrid (iOS)";
			packageProductDependencies = (
				8A69E1BF273CE2AF00B3B736 /* CameraView */,
			);
			productName = "Sendgrid (iOS)";
			productReference = 8A69E189273CE07200B3B736 /* Sendgrid.app */;
			productType = "com.apple.product-type.application";
		};
		8A69E18E273CE07200B3B736 /* Sendgrid (macOS) */ = {
			isa = PBXNativeTarget;
			buildConfigurationList = 8A69E1B5273CE07200B3B736 /* Build configuration list for PBXNativeTarget "Sendgrid (macOS)" */;
			buildPhases = (
				8A69E18B273CE07200B3B736 /* Sources */,
				8A69E18C273CE07200B3B736 /* Frameworks */,
				8A69E18D273CE07200B3B736 /* Resources */,
			);
			buildRules = (
			);
			dependencies = (
			);
			name = "Sendgrid (macOS)";
			productName = "Sendgrid (macOS)";
			productReference = 8A69E18F273CE07200B3B736 /* Sendgrid.app */;
			productType = "com.apple.product-type.application";
		};
		8A69E195273CE07200B3B736 /* Tests iOS */ = {
			isa = PBXNativeTarget;
			buildConfigurationList = 8A69E1B8273CE07200B3B736 /* Build configuration list for PBXNativeTarget "Tests iOS" */;
			buildPhases = (
				8A69E192273CE07200B3B736 /* Sources */,
				8A69E193273CE07200B3B736 /* Frameworks */,
				8A69E194273CE07200B3B736 /* Resources */,
			);
			buildRules = (
			);
			dependencies = (
				8A69E198273CE07200B3B736 /* PBXTargetDependency */,
			);
			name = "Tests iOS";
			productName = "Tests iOS";
			productReference = 8A69E196273CE07200B3B736 /* Tests iOS.xctest */;
			productType = "com.apple.product-type.bundle.ui-testing";
		};
		8A69E1A1273CE07200B3B736 /* Tests macOS */ = {
			isa = PBXNativeTarget;
			buildConfigurationList = 8A69E1BB273CE07200B3B736 /* Build configuration list for PBXNativeTarget "Tests macOS" */;
			buildPhases = (
				8A69E19E273CE07200B3B736 /* Sources */,
				8A69E19F273CE07200B3B736 /* Frameworks */,
				8A69E1A0273CE07200B3B736 /* Resources */,
			);
			buildRules = (
			);
			dependencies = (
				8A69E1A4273CE07200B3B736 /* PBXTargetDependency */,
			);
			name = "Tests macOS";
			productName = "Tests macOS";
			productReference = 8A69E1A2273CE07200B3B736 /* Tests macOS.xctest */;
			productType = "com.apple.product-type.bundle.ui-testing";
		};
/* End PBXNativeTarget section */

/* Begin PBXProject section */
		8A69E17D273CE07100B3B736 /* Project object */ = {
			isa = PBXProject;
			attributes = {
				BuildIndependentTargetsInParallel = 1;
				LastSwiftUpdateCheck = 1310;
				LastUpgradeCheck = 1310;
				TargetAttributes = {
					8A69E188273CE07200B3B736 = {
						CreatedOnToolsVersion = 13.1;
					};
					8A69E18E273CE07200B3B736 = {
						CreatedOnToolsVersion = 13.1;
					};
					8A69E195273CE07200B3B736 = {
						CreatedOnToolsVersion = 13.1;
						TestTargetID = 8A69E188273CE07200B3B736;
					};
					8A69E1A1273CE07200B3B736 = {
						CreatedOnToolsVersion = 13.1;
						TestTargetID = 8A69E18E273CE07200B3B736;
					};
				};
			};
			buildConfigurationList = 8A69E180273CE07100B3B736 /* Build configuration list for PBXProject "Sendgrid" */;
			compatibilityVersion = "Xcode 13.0";
			developmentRegion = en;
			hasScannedForEncodings = 0;
			knownRegions = (
				en,
				Base,
			);
			mainGroup = 8A69E17C273CE07100B3B736;
			packageReferences = (
				8A69E1BE273CE2AF00B3B736 /* XCRemoteSwiftPackageReference "CameraView" */,
			);
			productRefGroup = 8A69E18A273CE07200B3B736 /* Products */;
			projectDirPath = "";
			projectRoot = "";
			targets = (
				8A69E188273CE07200B3B736 /* Sendgrid (iOS) */,
				8A69E18E273CE07200B3B736 /* Sendgrid (macOS) */,
				8A69E195273CE07200B3B736 /* Tests iOS */,
				8A69E1A1273CE07200B3B736 /* Tests macOS */,
			);
		};
/* End PBXProject section */

/* Begin PBXResourcesBuildPhase section */
		8A69E187273CE07200B3B736 /* Resources */ = {
			isa = PBXResourcesBuildPhase;
			buildActionMask = 2147483647;
			files = (
				8A69E1AE273CE07200B3B736 /* Assets.xcassets in Resources */,
			);
			runOnlyForDeploymentPostprocessing = 0;
		};
		8A69E18D273CE07200B3B736 /* Resources */ = {
			isa = PBXResourcesBuildPhase;
			buildActionMask = 2147483647;
			files = (
				8A69E1AF273CE07200B3B736 /* Assets.xcassets in Resources */,
			);
			runOnlyForDeploymentPostprocessing = 0;
		};
		8A69E194273CE07200B3B736 /* Resources */ = {
			isa = PBXResourcesBuildPhase;
			buildActionMask = 2147483647;
			files = (
			);
			runOnlyForDeploymentPostprocessing = 0;
		};
		8A69E1A0273CE07200B3B736 /* Resources */ = {
			isa = PBXResourcesBuildPhase;
			buildActionMask = 2147483647;
			files = (
			);
			runOnlyForDeploymentPostprocessing = 0;
		};
/* End PBXResourcesBuildPhase section */

/* Begin PBXSourcesBuildPhase section */
		8A69E185273CE07200B3B736 /* Sources */ = {
			isa = PBXSourcesBuildPhase;
			buildActionMask = 2147483647;
			files = (
				8A69E1AC273CE07200B3B736 /* ContentView.swift in Sources */,
				8A69E1AA273CE07200B3B736 /* SendgridApp.swift in Sources */,
				8A69E1C6273CE4A700B3B736 /* ApiKeyStorage.swift in Sources */,
				8A69E1C2273CE3E600B3B736 /* ApiView.swift in Sources */,
			);
			runOnlyForDeploymentPostprocessing = 0;
		};
		8A69E18B273CE07200B3B736 /* Sources */ = {
			isa = PBXSourcesBuildPhase;
			buildActionMask = 2147483647;
			files = (
				8A69E1AD273CE07200B3B736 /* ContentView.swift in Sources */,
				8A69E1AB273CE07200B3B736 /* SendgridApp.swift in Sources */,
				8A69E1C7273CE4A700B3B736 /* ApiKeyStorage.swift in Sources */,
				8A69E1C3273CE3E600B3B736 /* ApiView.swift in Sources */,
			);
			runOnlyForDeploymentPostprocessing = 0;
		};
		8A69E192273CE07200B3B736 /* Sources */ = {
			isa = PBXSourcesBuildPhase;
			buildActionMask = 2147483647;
			files = (
				8A69E19D273CE07200B3B736 /* Tests_iOSLaunchTests.swift in Sources */,
				8A69E19B273CE07200B3B736 /* Tests_iOS.swift in Sources */,
			);
			runOnlyForDeploymentPostprocessing = 0;
		};
		8A69E19E273CE07200B3B736 /* Sources */ = {
			isa = PBXSourcesBuildPhase;
			buildActionMask = 2147483647;
			files = (
				8A69E1A9273CE07200B3B736 /* Tests_macOSLaunchTests.swift in Sources */,
				8A69E1A7273CE07200B3B736 /* Tests_macOS.swift in Sources */,
			);
			runOnlyForDeploymentPostprocessing = 0;
		};
/* End PBXSourcesBuildPhase section */

/* Begin PBXTargetDependency section */
		8A69E198273CE07200B3B736 /* PBXTargetDependency */ = {
			isa = PBXTargetDependency;
			target = 8A69E188273CE07200B3B736 /* Sendgrid (iOS) */;
			targetProxy = 8A69E197273CE07200B3B736 /* PBXContainerItemProxy */;
		};
		8A69E1A4273CE07200B3B736 /* PBXTargetDependency */ = {
			isa = PBXTargetDependency;
			target = 8A69E18E273CE07200B3B736 /* Sendgrid (macOS) */;
			targetProxy = 8A69E1A3273CE07200B3B736 /* PBXContainerItemProxy */;
		};
/* End PBXTargetDependency section */

/* Begin XCBuildConfiguration section */
		8A69E1B0273CE07200B3B736 /* Debug */ = {
			isa = XCBuildConfiguration;
			buildSettings = {
				ALWAYS_SEARCH_USER_PATHS = NO;
				CLANG_ANALYZER_NONNULL = YES;
				CLANG_ANALYZER_NUMBER_OBJECT_CONVERSION = YES_AGGRESSIVE;
				CLANG_CXX_LANGUAGE_STANDARD = "gnu++17";
				CLANG_CXX_LIBRARY = "libc++";
				CLANG_ENABLE_MODULES = YES;
				CLANG_ENABLE_OBJC_ARC = YES;
				CLANG_ENABLE_OBJC_WEAK = YES;
				CLANG_WARN_BLOCK_CAPTURE_AUTORELEASING = YES;
				CLANG_WARN_BOOL_CONVERSION = YES;
				CLANG_WARN_COMMA = YES;
				CLANG_WARN_CONSTANT_CONVERSION = YES;
				CLANG_WARN_DEPRECATED_OBJC_IMPLEMENTATIONS = YES;
				CLANG_WARN_DIRECT_OBJC_ISA_USAGE = YES_ERROR;
				CLANG_WARN_DOCUMENTATION_COMMENTS = YES;
				CLANG_WARN_EMPTY_BODY = YES;
				CLANG_WARN_ENUM_CONVERSION = YES;
				CLANG_WARN_INFINITE_RECURSION = YES;
				CLANG_WARN_INT_CONVERSION = YES;
				CLANG_WARN_NON_LITERAL_NULL_CONVERSION = YES;
				CLANG_WARN_OBJC_IMPLICIT_RETAIN_SELF = YES;
				CLANG_WARN_OBJC_LITERAL_CONVERSION = YES;
				CLANG_WARN_OBJC_ROOT_CLASS = YES_ERROR;
				CLANG_WARN_QUOTED_INCLUDE_IN_FRAMEWORK_HEADER = YES;
				CLANG_WARN_RANGE_LOOP_ANALYSIS = YES;
				CLANG_WARN_STRICT_PROTOTYPES = YES;
				CLANG_WARN_SUSPICIOUS_MOVE = YES;
				CLANG_WARN_UNGUARDED_AVAILABILITY = YES_AGGRESSIVE;
				CLANG_WARN_UNREACHABLE_CODE = YES;
				CLANG_WARN__DUPLICATE_METHOD_MATCH = YES;
				COPY_PHASE_STRIP = NO;
				DEBUG_INFORMATION_FORMAT = dwarf;
				ENABLE_STRICT_OBJC_MSGSEND = YES;
				ENABLE_TESTABILITY = YES;
				GCC_C_LANGUAGE_STANDARD = gnu11;
				GCC_DYNAMIC_NO_PIC = NO;
				GCC_NO_COMMON_BLOCKS = YES;
				GCC_OPTIMIZATION_LEVEL = 0;
				GCC_PREPROCESSOR_DEFINITIONS = (
					"DEBUG=1",
					"$(inherited)",
				);
				GCC_WARN_64_TO_32_BIT_CONVERSION = YES;
				GCC_WARN_ABOUT_RETURN_TYPE = YES_ERROR;
				GCC_WARN_UNDECLARED_SELECTOR = YES;
				GCC_WARN_UNINITIALIZED_AUTOS = YES_AGGRESSIVE;
				GCC_WARN_UNUSED_FUNCTION = YES;
				GCC_WARN_UNUSED_VARIABLE = YES;
				MTL_ENABLE_DEBUG_INFO = INCLUDE_SOURCE;
				MTL_FAST_MATH = YES;
				ONLY_ACTIVE_ARCH = YES;
				SWIFT_ACTIVE_COMPILATION_CONDITIONS = DEBUG;
				SWIFT_OPTIMIZATION_LEVEL = "-Onone";
			};
			name = Debug;
		};
		8A69E1B1273CE07200B3B736 /* Release */ = {
			isa = XCBuildConfiguration;
			buildSettings = {
				ALWAYS_SEARCH_USER_PATHS = NO;
				CLANG_ANALYZER_NONNULL = YES;
				CLANG_ANALYZER_NUMBER_OBJECT_CONVERSION = YES_AGGRESSIVE;
				CLANG_CXX_LANGUAGE_STANDARD = "gnu++17";
				CLANG_CXX_LIBRARY = "libc++";
				CLANG_ENABLE_MODULES = YES;
				CLANG_ENABLE_OBJC_ARC = YES;
				CLANG_ENABLE_OBJC_WEAK = YES;
				CLANG_WARN_BLOCK_CAPTURE_AUTORELEASING = YES;
				CLANG_WARN_BOOL_CONVERSION = YES;
				CLANG_WARN_COMMA = YES;
				CLANG_WARN_CONSTANT_CONVERSION = YES;
				CLANG_WARN_DEPRECATED_OBJC_IMPLEMENTATIONS = YES;
				CLANG_WARN_DIRECT_OBJC_ISA_USAGE = YES_ERROR;
				CLANG_WARN_DOCUMENTATION_COMMENTS = YES;
				CLANG_WARN_EMPTY_BODY = YES;
				CLANG_WARN_ENUM_CONVERSION = YES;
				CLANG_WARN_INFINITE_RECURSION = YES;
				CLANG_WARN_INT_CONVERSION = YES;
				CLANG_WARN_NON_LITERAL_NULL_CONVERSION = YES;
				CLANG_WARN_OBJC_IMPLICIT_RETAIN_SELF = YES;
				CLANG_WARN_OBJC_LITERAL_CONVERSION = YES;
				CLANG_WARN_OBJC_ROOT_CLASS = YES_ERROR;
				CLANG_WARN_QUOTED_INCLUDE_IN_FRAMEWORK_HEADER = YES;
				CLANG_WARN_RANGE_LOOP_ANALYSIS = YES;
				CLANG_WARN_STRICT_PROTOTYPES = YES;
				CLANG_WARN_SUSPICIOUS_MOVE = YES;
				CLANG_WARN_UNGUARDED_AVAILABILITY = YES_AGGRESSIVE;
				CLANG_WARN_UNREACHABLE_CODE = YES;
				CLANG_WARN__DUPLICATE_METHOD_MATCH = YES;
				COPY_PHASE_STRIP = NO;
				DEBUG_INFORMATION_FORMAT = "dwarf-with-dsym";
				ENABLE_NS_ASSERTIONS = NO;
				ENABLE_STRICT_OBJC_MSGSEND = YES;
				GCC_C_LANGUAGE_STANDARD = gnu11;
				GCC_NO_COMMON_BLOCKS = YES;
				GCC_WARN_64_TO_32_BIT_CONVERSION = YES;
				GCC_WARN_ABOUT_RETURN_TYPE = YES_ERROR;
				GCC_WARN_UNDECLARED_SELECTOR = YES;
				GCC_WARN_UNINITIALIZED_AUTOS = YES_AGGRESSIVE;
				GCC_WARN_UNUSED_FUNCTION = YES;
				GCC_WARN_UNUSED_VARIABLE = YES;
				MTL_ENABLE_DEBUG_INFO = NO;
				MTL_FAST_MATH = YES;
				SWIFT_COMPILATION_MODE = wholemodule;
				SWIFT_OPTIMIZATION_LEVEL = "-O";
			};
			name = Release;
		};
		8A69E1B3273CE07200B3B736 /* Debug */ = {
			isa = XCBuildConfiguration;
			buildSettings = {
				ASSETCATALOG_COMPILER_APPICON_NAME = AppIcon;
				ASSETCATALOG_COMPILER_GLOBAL_ACCENT_COLOR_NAME = AccentColor;
				CODE_SIGN_STYLE = Automatic;
				CURRENT_PROJECT_VERSION = 1;
				DEVELOPMENT_TEAM = Q7BEAG244J;
				ENABLE_PREVIEWS = YES;
				GENERATE_INFOPLIST_FILE = YES;
				INFOPLIST_KEY_NSCameraUsageDescription = "Need access to camera to easily enter a new API Key";
				INFOPLIST_KEY_UIApplicationSceneManifest_Generation = YES;
				INFOPLIST_KEY_UIApplicationSupportsIndirectInputEvents = YES;
				INFOPLIST_KEY_UILaunchScreen_Generation = YES;
				INFOPLIST_KEY_UISupportedInterfaceOrientations_iPad = "UIInterfaceOrientationPortrait UIInterfaceOrientationPortraitUpsideDown UIInterfaceOrientationLandscapeLeft UIInterfaceOrientationLandscapeRight";
				INFOPLIST_KEY_UISupportedInterfaceOrientations_iPhone = "UIInterfaceOrientationPortrait UIInterfaceOrientationLandscapeLeft UIInterfaceOrientationLandscapeRight";
				IPHONEOS_DEPLOYMENT_TARGET = 15.0;
				LD_RUNPATH_SEARCH_PATHS = (
					"$(inherited)",
					"@executable_path/Frameworks",
				);
				MARKETING_VERSION = 1.0;
				PRODUCT_BUNDLE_IDENTIFIER = com.mightystrong.Sendgrid;
				PRODUCT_NAME = Sendgrid;
				SDKROOT = iphoneos;
				SWIFT_EMIT_LOC_STRINGS = YES;
				SWIFT_VERSION = 5.0;
				TARGETED_DEVICE_FAMILY = "1,2";
			};
			name = Debug;
		};
		8A69E1B4273CE07200B3B736 /* Release */ = {
			isa = XCBuildConfiguration;
			buildSettings = {
				ASSETCATALOG_COMPILER_APPICON_NAME = AppIcon;
				ASSETCATALOG_COMPILER_GLOBAL_ACCENT_COLOR_NAME = AccentColor;
				CODE_SIGN_STYLE = Automatic;
				CURRENT_PROJECT_VERSION = 1;
				DEVELOPMENT_TEAM = Q7BEAG244J;
				ENABLE_PREVIEWS = YES;
				GENERATE_INFOPLIST_FILE = YES;
				INFOPLIST_KEY_NSCameraUsageDescription = "Need access to camera to easily enter a new API Key";
				INFOPLIST_KEY_UIApplicationSceneManifest_Generation = YES;
				INFOPLIST_KEY_UIApplicationSupportsIndirectInputEvents = YES;
				INFOPLIST_KEY_UILaunchScreen_Generation = YES;
				INFOPLIST_KEY_UISupportedInterfaceOrientations_iPad = "UIInterfaceOrientationPortrait UIInterfaceOrientationPortraitUpsideDown UIInterfaceOrientationLandscapeLeft UIInterfaceOrientationLandscapeRight";
				INFOPLIST_KEY_UISupportedInterfaceOrientations_iPhone = "UIInterfaceOrientationPortrait UIInterfaceOrientationLandscapeLeft UIInterfaceOrientationLandscapeRight";
				IPHONEOS_DEPLOYMENT_TARGET = 15.0;
				LD_RUNPATH_SEARCH_PATHS = (
					"$(inherited)",
					"@executable_path/Frameworks",
				);
				MARKETING_VERSION = 1.0;
				PRODUCT_BUNDLE_IDENTIFIER = com.mightystrong.Sendgrid;
				PRODUCT_NAME = Sendgrid;
				SDKROOT = iphoneos;
				SWIFT_EMIT_LOC_STRINGS = YES;
				SWIFT_VERSION = 5.0;
				TARGETED_DEVICE_FAMILY = "1,2";
				VALIDATE_PRODUCT = YES;
			};
			name = Release;
		};
		8A69E1B6273CE07200B3B736 /* Debug */ = {
			isa = XCBuildConfiguration;
			buildSettings = {
				ASSETCATALOG_COMPILER_APPICON_NAME = AppIcon;
				ASSETCATALOG_COMPILER_GLOBAL_ACCENT_COLOR_NAME = AccentColor;
				CODE_SIGN_ENTITLEMENTS = macOS/macOS.entitlements;
				CODE_SIGN_STYLE = Automatic;
				COMBINE_HIDPI_IMAGES = YES;
				CURRENT_PROJECT_VERSION = 1;
				DEVELOPMENT_TEAM = Q7BEAG244J;
				ENABLE_HARDENED_RUNTIME = YES;
				ENABLE_PREVIEWS = YES;
				GENERATE_INFOPLIST_FILE = YES;
				INFOPLIST_KEY_NSHumanReadableCopyright = "";
				LD_RUNPATH_SEARCH_PATHS = (
					"$(inherited)",
					"@executable_path/../Frameworks",
				);
				MACOSX_DEPLOYMENT_TARGET = 12.0;
				MARKETING_VERSION = 1.0;
				PRODUCT_BUNDLE_IDENTIFIER = com.mightystrong.Sendgrid;
				PRODUCT_NAME = Sendgrid;
				SDKROOT = macosx;
				SWIFT_EMIT_LOC_STRINGS = YES;
				SWIFT_VERSION = 5.0;
			};
			name = Debug;
		};
		8A69E1B7273CE07200B3B736 /* Release */ = {
			isa = XCBuildConfiguration;
			buildSettings = {
				ASSETCATALOG_COMPILER_APPICON_NAME = AppIcon;
				ASSETCATALOG_COMPILER_GLOBAL_ACCENT_COLOR_NAME = AccentColor;
				CODE_SIGN_ENTITLEMENTS = macOS/macOS.entitlements;
				CODE_SIGN_STYLE = Automatic;
				COMBINE_HIDPI_IMAGES = YES;
				CURRENT_PROJECT_VERSION = 1;
				DEVELOPMENT_TEAM = Q7BEAG244J;
				ENABLE_HARDENED_RUNTIME = YES;
				ENABLE_PREVIEWS = YES;
				GENERATE_INFOPLIST_FILE = YES;
				INFOPLIST_KEY_NSHumanReadableCopyright = "";
				LD_RUNPATH_SEARCH_PATHS = (
					"$(inherited)",
					"@executable_path/../Frameworks",
				);
				MACOSX_DEPLOYMENT_TARGET = 12.0;
				MARKETING_VERSION = 1.0;
				PRODUCT_BUNDLE_IDENTIFIER = com.mightystrong.Sendgrid;
				PRODUCT_NAME = Sendgrid;
				SDKROOT = macosx;
				SWIFT_EMIT_LOC_STRINGS = YES;
				SWIFT_VERSION = 5.0;
			};
			name = Release;
		};
		8A69E1B9273CE07200B3B736 /* Debug */ = {
			isa = XCBuildConfiguration;
			buildSettings = {
				ALWAYS_EMBED_SWIFT_STANDARD_LIBRARIES = YES;
				CODE_SIGN_STYLE = Automatic;
				CURRENT_PROJECT_VERSION = 1;
				DEVELOPMENT_TEAM = Q7BEAG244J;
				GENERATE_INFOPLIST_FILE = YES;
				IPHONEOS_DEPLOYMENT_TARGET = 15.0;
				LD_RUNPATH_SEARCH_PATHS = (
					"$(inherited)",
					"@executable_path/Frameworks",
					"@loader_path/Frameworks",
				);
				MARKETING_VERSION = 1.0;
				PRODUCT_BUNDLE_IDENTIFIER = "com.mightystrong.Tests-iOS";
				PRODUCT_NAME = "$(TARGET_NAME)";
				SDKROOT = iphoneos;
				SWIFT_EMIT_LOC_STRINGS = NO;
				SWIFT_VERSION = 5.0;
				TARGETED_DEVICE_FAMILY = "1,2";
				TEST_TARGET_NAME = "Sendgrid (iOS)";
			};
			name = Debug;
		};
		8A69E1BA273CE07200B3B736 /* Release */ = {
			isa = XCBuildConfiguration;
			buildSettings = {
				ALWAYS_EMBED_SWIFT_STANDARD_LIBRARIES = YES;
				CODE_SIGN_STYLE = Automatic;
				CURRENT_PROJECT_VERSION = 1;
				DEVELOPMENT_TEAM = Q7BEAG244J;
				GENERATE_INFOPLIST_FILE = YES;
				IPHONEOS_DEPLOYMENT_TARGET = 15.0;
				LD_RUNPATH_SEARCH_PATHS = (
					"$(inherited)",
					"@executable_path/Frameworks",
					"@loader_path/Frameworks",
				);
				MARKETING_VERSION = 1.0;
				PRODUCT_BUNDLE_IDENTIFIER = "com.mightystrong.Tests-iOS";
				PRODUCT_NAME = "$(TARGET_NAME)";
				SDKROOT = iphoneos;
				SWIFT_EMIT_LOC_STRINGS = NO;
				SWIFT_VERSION = 5.0;
				TARGETED_DEVICE_FAMILY = "1,2";
				TEST_TARGET_NAME = "Sendgrid (iOS)";
				VALIDATE_PRODUCT = YES;
			};
			name = Release;
		};
		8A69E1BC273CE07200B3B736 /* Debug */ = {
			isa = XCBuildConfiguration;
			buildSettings = {
				ALWAYS_EMBED_SWIFT_STANDARD_LIBRARIES = YES;
				CODE_SIGN_STYLE = Automatic;
				COMBINE_HIDPI_IMAGES = YES;
				CURRENT_PROJECT_VERSION = 1;
				DEVELOPMENT_TEAM = Q7BEAG244J;
				GENERATE_INFOPLIST_FILE = YES;
				LD_RUNPATH_SEARCH_PATHS = (
					"$(inherited)",
					"@executable_path/../Frameworks",
					"@loader_path/../Frameworks",
				);
				MACOSX_DEPLOYMENT_TARGET = 12.0;
				MARKETING_VERSION = 1.0;
				PRODUCT_BUNDLE_IDENTIFIER = "com.mightystrong.Tests-macOS";
				PRODUCT_NAME = "$(TARGET_NAME)";
				SDKROOT = macosx;
				SWIFT_EMIT_LOC_STRINGS = NO;
				SWIFT_VERSION = 5.0;
				TEST_TARGET_NAME = "Sendgrid (macOS)";
			};
			name = Debug;
		};
		8A69E1BD273CE07200B3B736 /* Release */ = {
			isa = XCBuildConfiguration;
			buildSettings = {
				ALWAYS_EMBED_SWIFT_STANDARD_LIBRARIES = YES;
				CODE_SIGN_STYLE = Automatic;
				COMBINE_HIDPI_IMAGES = YES;
				CURRENT_PROJECT_VERSION = 1;
				DEVELOPMENT_TEAM = Q7BEAG244J;
				GENERATE_INFOPLIST_FILE = YES;
				LD_RUNPATH_SEARCH_PATHS = (
					"$(inherited)",
					"@executable_path/../Frameworks",
					"@loader_path/../Frameworks",
				);
				MACOSX_DEPLOYMENT_TARGET = 12.0;
				MARKETING_VERSION = 1.0;
				PRODUCT_BUNDLE_IDENTIFIER = "com.mightystrong.Tests-macOS";
				PRODUCT_NAME = "$(TARGET_NAME)";
				SDKROOT = macosx;
				SWIFT_EMIT_LOC_STRINGS = NO;
				SWIFT_VERSION = 5.0;
				TEST_TARGET_NAME = "Sendgrid (macOS)";
			};
			name = Release;
		};
/* End XCBuildConfiguration section */

/* Begin XCConfigurationList section */
		8A69E180273CE07100B3B736 /* Build configuration list for PBXProject "Sendgrid" */ = {
			isa = XCConfigurationList;
			buildConfigurations = (
				8A69E1B0273CE07200B3B736 /* Debug */,
				8A69E1B1273CE07200B3B736 /* Release */,
			);
			defaultConfigurationIsVisible = 0;
			defaultConfigurationName = Release;
		};
		8A69E1B2273CE07200B3B736 /* Build configuration list for PBXNativeTarget "Sendgrid (iOS)" */ = {
			isa = XCConfigurationList;
			buildConfigurations = (
				8A69E1B3273CE07200B3B736 /* Debug */,
				8A69E1B4273CE07200B3B736 /* Release */,
			);
			defaultConfigurationIsVisible = 0;
			defaultConfigurationName = Release;
		};
		8A69E1B5273CE07200B3B736 /* Build configuration list for PBXNativeTarget "Sendgrid (macOS)" */ = {
			isa = XCConfigurationList;
			buildConfigurations = (
				8A69E1B6273CE07200B3B736 /* Debug */,
				8A69E1B7273CE07200B3B736 /* Release */,
			);
			defaultConfigurationIsVisible = 0;
			defaultConfigurationName = Release;
		};
		8A69E1B8273CE07200B3B736 /* Build configuration list for PBXNativeTarget "Tests iOS" */ = {
			isa = XCConfigurationList;
			buildConfigurations = (
				8A69E1B9273CE07200B3B736 /* Debug */,
				8A69E1BA273CE07200B3B736 /* Release */,
			);
			defaultConfigurationIsVisible = 0;
			defaultConfigurationName = Release;
		};
		8A69E1BB273CE07200B3B736 /* Build configuration list for PBXNativeTarget "Tests macOS" */ = {
			isa = XCConfigurationList;
			buildConfigurations = (
				8A69E1BC273CE07200B3B736 /* Debug */,
				8A69E1BD273CE07200B3B736 /* Release */,
			);
			defaultConfigurationIsVisible = 0;
			defaultConfigurationName = Release;
		};
/* End XCConfigurationList section */

/* Begin XCRemoteSwiftPackageReference section */
		8A69E1BE273CE2AF00B3B736 /* XCRemoteSwiftPackageReference "CameraView" */ = {
			isa = XCRemoteSwiftPackageReference;
			repositoryURL = "https://github.com/brettfazio/CameraView";
			requirement = {
				kind = upToNextMajorVersion;
				minimumVersion = 0.0.1;
			};
		};
/* End XCRemoteSwiftPackageReference section */

/* Begin XCSwiftPackageProductDependency section */
		8A69E1BF273CE2AF00B3B736 /* CameraView */ = {
			isa = XCSwiftPackageProductDependency;
			package = 8A69E1BE273CE2AF00B3B736 /* XCRemoteSwiftPackageReference "CameraView" */;
			productName = CameraView;
		};
/* End XCSwiftPackageProductDependency section */
	};
	rootObject = 8A69E17D273CE07100B3B736 /* Project object */;
}
